// !$*UTF8*$!
{
	archiveVersion = 1;
	classes = {
	};
	objectVersion = 55;
	objects = {

/* Begin PBXBuildFile section */
		844CD46827CF8DA700433A77 /* EmployeeCell.swift in Sources */ = {isa = PBXBuildFile; fileRef = 844CD46727CF8DA700433A77 /* EmployeeCell.swift */; };
		847575D827CCF27A006DD48E /* AppDelegate.swift in Sources */ = {isa = PBXBuildFile; fileRef = 847575D727CCF27A006DD48E /* AppDelegate.swift */; };
		847575DA27CCF27A006DD48E /* SceneDelegate.swift in Sources */ = {isa = PBXBuildFile; fileRef = 847575D927CCF27A006DD48E /* SceneDelegate.swift */; };
		847575DC27CCF27A006DD48E /* ViewController.swift in Sources */ = {isa = PBXBuildFile; fileRef = 847575DB27CCF27A006DD48E /* ViewController.swift */; };
		847575DF27CCF27A006DD48E /* Main.storyboard in Resources */ = {isa = PBXBuildFile; fileRef = 847575DD27CCF27A006DD48E /* Main.storyboard */; };
		847575E127CCF27C006DD48E /* Assets.xcassets in Resources */ = {isa = PBXBuildFile; fileRef = 847575E027CCF27C006DD48E /* Assets.xcassets */; };
		847575E427CCF27C006DD48E /* LaunchScreen.storyboard in Resources */ = {isa = PBXBuildFile; fileRef = 847575E227CCF27C006DD48E /* LaunchScreen.storyboard */; };
		847575EF27CCF27C006DD48E /* TableViewTests.swift in Sources */ = {isa = PBXBuildFile; fileRef = 847575EE27CCF27C006DD48E /* TableViewTests.swift */; };
		847575F927CCF27C006DD48E /* TableViewUITests.swift in Sources */ = {isa = PBXBuildFile; fileRef = 847575F827CCF27C006DD48E /* TableViewUITests.swift */; };
		847575FB27CCF27C006DD48E /* TableViewUITestsLaunchTests.swift in Sources */ = {isa = PBXBuildFile; fileRef = 847575FA27CCF27C006DD48E /* TableViewUITestsLaunchTests.swift */; };
/* End PBXBuildFile section */

/* Begin PBXContainerItemProxy section */
		847575EB27CCF27C006DD48E /* PBXContainerItemProxy */ = {
			isa = PBXContainerItemProxy;
			containerPortal = 847575CC27CCF27A006DD48E /* Project object */;
			proxyType = 1;
			remoteGlobalIDString = 847575D327CCF27A006DD48E;
			remoteInfo = TableView;
		};
		847575F527CCF27C006DD48E /* PBXContainerItemProxy */ = {
			isa = PBXContainerItemProxy;
			containerPortal = 847575CC27CCF27A006DD48E /* Project object */;
			proxyType = 1;
			remoteGlobalIDString = 847575D327CCF27A006DD48E;
			remoteInfo = TableView;
		};
/* End PBXContainerItemProxy section */

/* Begin PBXFileReference section */
		844CD46727CF8DA700433A77 /* EmployeeCell.swift */ = {isa = PBXFileReference; lastKnownFileType = sourcecode.swift; path = EmployeeCell.swift; sourceTree = "<group>"; };
		847575D427CCF27A006DD48E /* TableView.app */ = {isa = PBXFileReference; explicitFileType = wrapper.application; includeInIndex = 0; path = TableView.app; sourceTree = BUILT_PRODUCTS_DIR; };
		847575D727CCF27A006DD48E /* AppDelegate.swift */ = {isa = PBXFileReference; lastKnownFileType = sourcecode.swift; path = AppDelegate.swift; sourceTree = "<group>"; };
		847575D927CCF27A006DD48E /* SceneDelegate.swift */ = {isa = PBXFileReference; lastKnownFileType = sourcecode.swift; path = SceneDelegate.swift; sourceTree = "<group>"; };
		847575DB27CCF27A006DD48E /* ViewController.swift */ = {isa = PBXFileReference; lastKnownFileType = sourcecode.swift; path = ViewController.swift; sourceTree = "<group>"; };
		847575DE27CCF27A006DD48E /* Base */ = {isa = PBXFileReference; lastKnownFileType = file.storyboard; name = Base; path = Base.lproj/Main.storyboard; sourceTree = "<group>"; };
		847575E027CCF27C006DD48E /* Assets.xcassets */ = {isa = PBXFileReference; lastKnownFileType = folder.assetcatalog; path = Assets.xcassets; sourceTree = "<group>"; };
		847575E327CCF27C006DD48E /* Base */ = {isa = PBXFileReference; lastKnownFileType = file.storyboard; name = Base; path = Base.lproj/LaunchScreen.storyboard; sourceTree = "<group>"; };
		847575E527CCF27C006DD48E /* Info.plist */ = {isa = PBXFileReference; lastKnownFileType = text.plist.xml; path = Info.plist; sourceTree = "<group>"; };
		847575EA27CCF27C006DD48E /* TableViewTests.xctest */ = {isa = PBXFileReference; explicitFileType = wrapper.cfbundle; includeInIndex = 0; path = TableViewTests.xctest; sourceTree = BUILT_PRODUCTS_DIR; };
		847575EE27CCF27C006DD48E /* TableViewTests.swift */ = {isa = PBXFileReference; lastKnownFileType = sourcecode.swift; path = TableViewTests.swift; sourceTree = "<group>"; };
		847575F427CCF27C006DD48E /* TableViewUITests.xctest */ = {isa = PBXFileReference; explicitFileType = wrapper.cfbundle; includeInIndex = 0; path = TableViewUITests.xctest; sourceTree = BUILT_PRODUCTS_DIR; };
		847575F827CCF27C006DD48E /* TableViewUITests.swift */ = {isa = PBXFileReference; lastKnownFileType = sourcecode.swift; path = TableViewUITests.swift; sourceTree = "<group>"; };
		847575FA27CCF27C006DD48E /* TableViewUITestsLaunchTests.swift */ = {isa = PBXFileReference; lastKnownFileType = sourcecode.swift; path = TableViewUITestsLaunchTests.swift; sourceTree = "<group>"; };
/* End PBXFileReference section */

/* Begin PBXFrameworksBuildPhase section */
		847575D127CCF27A006DD48E /* Frameworks */ = {
			isa = PBXFrameworksBuildPhase;
			buildActionMask = 2147483647;
			files = (
			);
			runOnlyForDeploymentPostprocessing = 0;
		};
		847575E727CCF27C006DD48E /* Frameworks */ = {
			isa = PBXFrameworksBuildPhase;
			buildActionMask = 2147483647;
			files = (
			);
			runOnlyForDeploymentPostprocessing = 0;
		};
		847575F127CCF27C006DD48E /* Frameworks */ = {
			isa = PBXFrameworksBuildPhase;
			buildActionMask = 2147483647;
			files = (
			);
			runOnlyForDeploymentPostprocessing = 0;
		};
/* End PBXFrameworksBuildPhase section */

/* Begin PBXGroup section */
		847575CB27CCF27A006DD48E = {
			isa = PBXGroup;
			children = (
				847575D627CCF27A006DD48E /* TableView */,
				847575ED27CCF27C006DD48E /* TableViewTests */,
				847575F727CCF27C006DD48E /* TableViewUITests */,
				847575D527CCF27A006DD48E /* Products */,
			);
			sourceTree = "<group>";
		};
		847575D527CCF27A006DD48E /* Products */ = {
			isa = PBXGroup;
			children = (
				847575D427CCF27A006DD48E /* TableView.app */,
				847575EA27CCF27C006DD48E /* TableViewTests.xctest */,
				847575F427CCF27C006DD48E /* TableViewUITests.xctest */,
			);
			name = Products;
			sourceTree = "<group>";
		};
		847575D627CCF27A006DD48E /* TableView */ = {
			isa = PBXGroup;
			children = (
				847575D727CCF27A006DD48E /* AppDelegate.swift */,
				847575D927CCF27A006DD48E /* SceneDelegate.swift */,
				847575DB27CCF27A006DD48E /* ViewController.swift */,
				844CD46727CF8DA700433A77 /* EmployeeCell.swift */,
				847575DD27CCF27A006DD48E /* Main.storyboard */,
				847575E027CCF27C006DD48E /* Assets.xcassets */,
				847575E227CCF27C006DD48E /* LaunchScreen.storyboard */,
				847575E527CCF27C006DD48E /* Info.plist */,
			);
			path = TableView;
			sourceTree = "<group>";
		};
		847575ED27CCF27C006DD48E /* TableViewTests */ = {
			isa = PBXGroup;
			children = (
				847575EE27CCF27C006DD48E /* TableViewTests.swift */,
			);
			path = TableViewTests;
			sourceTree = "<group>";
		};
		847575F727CCF27C006DD48E /* TableViewUITests */ = {
			isa = PBXGroup;
			children = (
				847575F827CCF27C006DD48E /* TableViewUITests.swift */,
				847575FA27CCF27C006DD48E /* TableViewUITestsLaunchTests.swift */,
			);
			path = TableViewUITests;
			sourceTree = "<group>";
		};
/* End PBXGroup section */

/* Begin PBXNativeTarget section */
		847575D327CCF27A006DD48E /* TableView */ = {
			isa = PBXNativeTarget;
			buildConfigurationList = 847575FE27CCF27C006DD48E /* Build configuration list for PBXNativeTarget "TableView" */;
			buildPhases = (
				847575D027CCF27A006DD48E /* Sources */,
				847575D127CCF27A006DD48E /* Frameworks */,
				847575D227CCF27A006DD48E /* Resources */,
			);
			buildRules = (
			);
			dependencies = (
			);
			name = TableView;
			productName = TableView;
			productReference = 847575D427CCF27A006DD48E /* TableView.app */;
			productType = "com.apple.product-type.application";
		};
		847575E927CCF27C006DD48E /* TableViewTests */ = {
			isa = PBXNativeTarget;
			buildConfigurationList = 8475760127CCF27C006DD48E /* Build configuration list for PBXNativeTarget "TableViewTests" */;
			buildPhases = (
				847575E627CCF27C006DD48E /* Sources */,
				847575E727CCF27C006DD48E /* Frameworks */,
				847575E827CCF27C006DD48E /* Resources */,
			);
			buildRules = (
			);
			dependencies = (
				847575EC27CCF27C006DD48E /* PBXTargetDependency */,
			);
			name = TableViewTests;
			productName = TableViewTests;
			productReference = 847575EA27CCF27C006DD48E /* TableViewTests.xctest */;
			productType = "com.apple.product-type.bundle.unit-test";
		};
		847575F327CCF27C006DD48E /* TableViewUITests */ = {
			isa = PBXNativeTarget;
			buildConfigurationList = 8475760427CCF27C006DD48E /* Build configuration list for PBXNativeTarget "TableViewUITests" */;
			buildPhases = (
				847575F027CCF27C006DD48E /* Sources */,
				847575F127CCF27C006DD48E /* Frameworks */,
				847575F227CCF27C006DD48E /* Resources */,
			);
			buildRules = (
			);
			dependencies = (
				847575F627CCF27C006DD48E /* PBXTargetDependency */,
			);
			name = TableViewUITests;
			productName = TableViewUITests;
			productReference = 847575F427CCF27C006DD48E /* TableViewUITests.xctest */;
			productType = "com.apple.product-type.bundle.ui-testing";
		};
/* End PBXNativeTarget section */

/* Begin PBXProject section */
		847575CC27CCF27A006DD48E /* Project object */ = {
			isa = PBXProject;
			attributes = {
				BuildIndependentTargetsInParallel = 1;
				LastSwiftUpdateCheck = 1320;
				LastUpgradeCheck = 1320;
				TargetAttributes = {
					847575D327CCF27A006DD48E = {
						CreatedOnToolsVersion = 13.2.1;
					};
					847575E927CCF27C006DD48E = {
						CreatedOnToolsVersion = 13.2.1;
						TestTargetID = 847575D327CCF27A006DD48E;
					};
					847575F327CCF27C006DD48E = {
						CreatedOnToolsVersion = 13.2.1;
						TestTargetID = 847575D327CCF27A006DD48E;
					};
				};
			};
			buildConfigurationList = 847575CF27CCF27A006DD48E /* Build configuration list for PBXProject "TableView" */;
			compatibilityVersion = "Xcode 13.0";
			developmentRegion = en;
			hasScannedForEncodings = 0;
			knownRegions = (
				en,
				Base,
			);
			mainGroup = 847575CB27CCF27A006DD48E;
			productRefGroup = 847575D527CCF27A006DD48E /* Products */;
			projectDirPath = "";
			projectRoot = "";
			targets = (
				847575D327CCF27A006DD48E /* TableView */,
				847575E927CCF27C006DD48E /* TableViewTests */,
				847575F327CCF27C006DD48E /* TableViewUITests */,
			);
		};
/* End PBXProject section */

/* Begin PBXResourcesBuildPhase section */
		847575D227CCF27A006DD48E /* Resources */ = {
			isa = PBXResourcesBuildPhase;
			buildActionMask = 2147483647;
			files = (
				847575E427CCF27C006DD48E /* LaunchScreen.storyboard in Resources */,
				847575E127CCF27C006DD48E /* Assets.xcassets in Resources */,
				847575DF27CCF27A006DD48E /* Main.storyboard in Resources */,
			);
			runOnlyForDeploymentPostprocessing = 0;
		};
		847575E827CCF27C006DD48E /* Resources */ = {
			isa = PBXResourcesBuildPhase;
			buildActionMask = 2147483647;
			files = (
			);
			runOnlyForDeploymentPostprocessing = 0;
		};
		847575F227CCF27C006DD48E /* Resources */ = {
			isa = PBXResourcesBuildPhase;
			buildActionMask = 2147483647;
			files = (
			);
			runOnlyForDeploymentPostprocessing = 0;
		};
/* End PBXResourcesBuildPhase section */

/* Begin PBXSourcesBuildPhase section */
		847575D027CCF27A006DD48E /* Sources */ = {
			isa = PBXSourcesBuildPhase;
			buildActionMask = 2147483647;
			files = (
				847575DC27CCF27A006DD48E /* ViewController.swift in Sources */,
				844CD46827CF8DA700433A77 /* EmployeeCell.swift in Sources */,
				847575D827CCF27A006DD48E /* AppDelegate.swift in Sources */,
				847575DA27CCF27A006DD48E /* SceneDelegate.swift in Sources */,
			);
			runOnlyForDeploymentPostprocessing = 0;
		};
		847575E627CCF27C006DD48E /* Sources */ = {
			isa = PBXSourcesBuildPhase;
			buildActionMask = 2147483647;
			files = (
				847575EF27CCF27C006DD48E /* TableViewTests.swift in Sources */,
			);
			runOnlyForDeploymentPostprocessing = 0;
		};
		847575F027CCF27C006DD48E /* Sources */ = {
			isa = PBXSourcesBuildPhase;
			buildActionMask = 2147483647;
			files = (
				847575FB27CCF27C006DD48E /* TableViewUITestsLaunchTests.swift in Sources */,
				847575F927CCF27C006DD48E /* TableViewUITests.swift in Sources */,
			);
			runOnlyForDeploymentPostprocessing = 0;
		};
/* End PBXSourcesBuildPhase section */

/* Begin PBXTargetDependency section */
		847575EC27CCF27C006DD48E /* PBXTargetDependency */ = {
			isa = PBXTargetDependency;
			target = 847575D327CCF27A006DD48E /* TableView */;
			targetProxy = 847575EB27CCF27C006DD48E /* PBXContainerItemProxy */;
		};
		847575F627CCF27C006DD48E /* PBXTargetDependency */ = {
			isa = PBXTargetDependency;
			target = 847575D327CCF27A006DD48E /* TableView */;
			targetProxy = 847575F527CCF27C006DD48E /* PBXContainerItemProxy */;
		};
/* End PBXTargetDependency section */

/* Begin PBXVariantGroup section */
		847575DD27CCF27A006DD48E /* Main.storyboard */ = {
			isa = PBXVariantGroup;
			children = (
				847575DE27CCF27A006DD48E /* Base */,
			);
			name = Main.storyboard;
			sourceTree = "<group>";
		};
		847575E227CCF27C006DD48E /* LaunchScreen.storyboard */ = {
			isa = PBXVariantGroup;
			children = (
				847575E327CCF27C006DD48E /* Base */,
			);
			name = LaunchScreen.storyboard;
			sourceTree = "<group>";
		};
/* End PBXVariantGroup section */

/* Begin XCBuildConfiguration section */
		847575FC27CCF27C006DD48E /* Debug */ = {
			isa = XCBuildConfiguration;
			buildSettings = {
				ALWAYS_SEARCH_USER_PATHS = NO;
				CLANG_ANALYZER_NONNULL = YES;
				CLANG_ANALYZER_NUMBER_OBJECT_CONVERSION = YES_AGGRESSIVE;
				CLANG_CXX_LANGUAGE_STANDARD = "gnu++17";
				CLANG_CXX_LIBRARY = "libc++";
				CLANG_ENABLE_MODULES = YES;
				CLANG_ENABLE_OBJC_ARC = YES;
				CLANG_ENABLE_OBJC_WEAK = YES;
				CLANG_WARN_BLOCK_CAPTURE_AUTORELEASING = YES;
				CLANG_WARN_BOOL_CONVERSION = YES;
				CLANG_WARN_COMMA = YES;
				CLANG_WARN_CONSTANT_CONVERSION = YES;
				CLANG_WARN_DEPRECATED_OBJC_IMPLEMENTATIONS = YES;
				CLANG_WARN_DIRECT_OBJC_ISA_USAGE = YES_ERROR;
				CLANG_WARN_DOCUMENTATION_COMMENTS = YES;
				CLANG_WARN_EMPTY_BODY = YES;
				CLANG_WARN_ENUM_CONVERSION = YES;
				CLANG_WARN_INFINITE_RECURSION = YES;
				CLANG_WARN_INT_CONVERSION = YES;
				CLANG_WARN_NON_LITERAL_NULL_CONVERSION = YES;
				CLANG_WARN_OBJC_IMPLICIT_RETAIN_SELF = YES;
				CLANG_WARN_OBJC_LITERAL_CONVERSION = YES;
				CLANG_WARN_OBJC_ROOT_CLASS = YES_ERROR;
				CLANG_WARN_QUOTED_INCLUDE_IN_FRAMEWORK_HEADER = YES;
				CLANG_WARN_RANGE_LOOP_ANALYSIS = YES;
				CLANG_WARN_STRICT_PROTOTYPES = YES;
				CLANG_WARN_SUSPICIOUS_MOVE = YES;
				CLANG_WARN_UNGUARDED_AVAILABILITY = YES_AGGRESSIVE;
				CLANG_WARN_UNREACHABLE_CODE = YES;
				CLANG_WARN__DUPLICATE_METHOD_MATCH = YES;
				COPY_PHASE_STRIP = NO;
				DEBUG_INFORMATION_FORMAT = dwarf;
				ENABLE_STRICT_OBJC_MSGSEND = YES;
				ENABLE_TESTABILITY = YES;
				GCC_C_LANGUAGE_STANDARD = gnu11;
				GCC_DYNAMIC_NO_PIC = NO;
				GCC_NO_COMMON_BLOCKS = YES;
				GCC_OPTIMIZATION_LEVEL = 0;
				GCC_PREPROCESSOR_DEFINITIONS = (
					"DEBUG=1",
					"$(inherited)",
				);
				GCC_WARN_64_TO_32_BIT_CONVERSION = YES;
				GCC_WARN_ABOUT_RETURN_TYPE = YES_ERROR;
				GCC_WARN_UNDECLARED_SELECTOR = YES;
				GCC_WARN_UNINITIALIZED_AUTOS = YES_AGGRESSIVE;
				GCC_WARN_UNUSED_FUNCTION = YES;
				GCC_WARN_UNUSED_VARIABLE = YES;
				IPHONEOS_DEPLOYMENT_TARGET = 15.2;
				MTL_ENABLE_DEBUG_INFO = INCLUDE_SOURCE;
				MTL_FAST_MATH = YES;
				ONLY_ACTIVE_ARCH = YES;
				SDKROOT = iphoneos;
				SWIFT_ACTIVE_COMPILATION_CONDITIONS = DEBUG;
				SWIFT_OPTIMIZATION_LEVEL = "-Onone";
			};
			name = Debug;
		};
		847575FD27CCF27C006DD48E /* Release */ = {
			isa = XCBuildConfiguration;
			buildSettings = {
				ALWAYS_SEARCH_USER_PATHS = NO;
				CLANG_ANALYZER_NONNULL = YES;
				CLANG_ANALYZER_NUMBER_OBJECT_CONVERSION = YES_AGGRESSIVE;
				CLANG_CXX_LANGUAGE_STANDARD = "gnu++17";
				CLANG_CXX_LIBRARY = "libc++";
				CLANG_ENABLE_MODULES = YES;
				CLANG_ENABLE_OBJC_ARC = YES;
				CLANG_ENABLE_OBJC_WEAK = YES;
				CLANG_WARN_BLOCK_CAPTURE_AUTORELEASING = YES;
				CLANG_WARN_BOOL_CONVERSION = YES;
				CLANG_WARN_COMMA = YES;
				CLANG_WARN_CONSTANT_CONVERSION = YES;
				CLANG_WARN_DEPRECATED_OBJC_IMPLEMENTATIONS = YES;
				CLANG_WARN_DIRECT_OBJC_ISA_USAGE = YES_ERROR;
				CLANG_WARN_DOCUMENTATION_COMMENTS = YES;
				CLANG_WARN_EMPTY_BODY = YES;
				CLANG_WARN_ENUM_CONVERSION = YES;
				CLANG_WARN_INFINITE_RECURSION = YES;
				CLANG_WARN_INT_CONVERSION = YES;
				CLANG_WARN_NON_LITERAL_NULL_CONVERSION = YES;
				CLANG_WARN_OBJC_IMPLICIT_RETAIN_SELF = YES;
				CLANG_WARN_OBJC_LITERAL_CONVERSION = YES;
				CLANG_WARN_OBJC_ROOT_CLASS = YES_ERROR;
				CLANG_WARN_QUOTED_INCLUDE_IN_FRAMEWORK_HEADER = YES;
				CLANG_WARN_RANGE_LOOP_ANALYSIS = YES;
				CLANG_WARN_STRICT_PROTOTYPES = YES;
				CLANG_WARN_SUSPICIOUS_MOVE = YES;
				CLANG_WARN_UNGUARDED_AVAILABILITY = YES_AGGRESSIVE;
				CLANG_WARN_UNREACHABLE_CODE = YES;
				CLANG_WARN__DUPLICATE_METHOD_MATCH = YES;
				COPY_PHASE_STRIP = NO;
				DEBUG_INFORMATION_FORMAT = "dwarf-with-dsym";
				ENABLE_NS_ASSERTIONS = NO;
				ENABLE_STRICT_OBJC_MSGSEND = YES;
				GCC_C_LANGUAGE_STANDARD = gnu11;
				GCC_NO_COMMON_BLOCKS = YES;
				GCC_WARN_64_TO_32_BIT_CONVERSION = YES;
				GCC_WARN_ABOUT_RETURN_TYPE = YES_ERROR;
				GCC_WARN_UNDECLARED_SELECTOR = YES;
				GCC_WARN_UNINITIALIZED_AUTOS = YES_AGGRESSIVE;
				GCC_WARN_UNUSED_FUNCTION = YES;
				GCC_WARN_UNUSED_VARIABLE = YES;
				IPHONEOS_DEPLOYMENT_TARGET = 15.2;
				MTL_ENABLE_DEBUG_INFO = NO;
				MTL_FAST_MATH = YES;
				SDKROOT = iphoneos;
				SWIFT_COMPILATION_MODE = wholemodule;
				SWIFT_OPTIMIZATION_LEVEL = "-O";
				VALIDATE_PRODUCT = YES;
			};
			name = Release;
		};
		847575FF27CCF27C006DD48E /* Debug */ = {
			isa = XCBuildConfiguration;
			buildSettings = {
				ASSETCATALOG_COMPILER_APPICON_NAME = AppIcon;
				ASSETCATALOG_COMPILER_GLOBAL_ACCENT_COLOR_NAME = AccentColor;
				CODE_SIGN_STYLE = Automatic;
				CURRENT_PROJECT_VERSION = 1;
				GENERATE_INFOPLIST_FILE = YES;
				INFOPLIST_FILE = TableView/Info.plist;
				INFOPLIST_KEY_UIApplicationSupportsIndirectInputEvents = YES;
				INFOPLIST_KEY_UILaunchStoryboardName = LaunchScreen;
				INFOPLIST_KEY_UIMainStoryboardFile = Main;
				INFOPLIST_KEY_UISupportedInterfaceOrientations_iPad = "UIInterfaceOrientationPortrait UIInterfaceOrientationPortraitUpsideDown UIInterfaceOrientationLandscapeLeft UIInterfaceOrientationLandscapeRight";
				INFOPLIST_KEY_UISupportedInterfaceOrientations_iPhone = "UIInterfaceOrientationPortrait UIInterfaceOrientationLandscapeLeft UIInterfaceOrientationLandscapeRight";
				LD_RUNPATH_SEARCH_PATHS = (
					"$(inherited)",
					"@executable_path/Frameworks",
				);
				MARKETING_VERSION = 1.0;
				PRODUCT_BUNDLE_IDENTIFIER = itc.TableView;
				PRODUCT_NAME = "$(TARGET_NAME)";
				SWIFT_EMIT_LOC_STRINGS = YES;
				SWIFT_VERSION = 5.0;
				TARGETED_DEVICE_FAMILY = "1,2";
			};
			name = Debug;
		};
		8475760027CCF27C006DD48E /* Release */ = {
			isa = XCBuildConfiguration;
			buildSettings = {
				ASSETCATALOG_COMPILER_APPICON_NAME = AppIcon;
				ASSETCATALOG_COMPILER_GLOBAL_ACCENT_COLOR_NAME = AccentColor;
				CODE_SIGN_STYLE = Automatic;
				CURRENT_PROJECT_VERSION = 1;
				GENERATE_INFOPLIST_FILE = YES;
				INFOPLIST_FILE = TableView/Info.plist;
				INFOPLIST_KEY_UIApplicationSupportsIndirectInputEvents = YES;
				INFOPLIST_KEY_UILaunchStoryboardName = LaunchScreen;
				INFOPLIST_KEY_UIMainStoryboardFile = Main;
				INFOPLIST_KEY_UISupportedInterfaceOrientations_iPad = "UIInterfaceOrientationPortrait UIInterfaceOrientationPortraitUpsideDown UIInterfaceOrientationLandscapeLeft UIInterfaceOrientationLandscapeRight";
				INFOPLIST_KEY_UISupportedInterfaceOrientations_iPhone = "UIInterfaceOrientationPortrait UIInterfaceOrientationLandscapeLeft UIInterfaceOrientationLandscapeRight";
				LD_RUNPATH_SEARCH_PATHS = (
					"$(inherited)",
					"@executable_path/Frameworks",
				);
				MARKETING_VERSION = 1.0;
				PRODUCT_BUNDLE_IDENTIFIER = itc.TableView;
				PRODUCT_NAME = "$(TARGET_NAME)";
				SWIFT_EMIT_LOC_STRINGS = YES;
				SWIFT_VERSION = 5.0;
				TARGETED_DEVICE_FAMILY = "1,2";
			};
			name = Release;
		};
		8475760227CCF27C006DD48E /* Debug */ = {
			isa = XCBuildConfiguration;
			buildSettings = {
				ALWAYS_EMBED_SWIFT_STANDARD_LIBRARIES = YES;
				BUNDLE_LOADER = "$(TEST_HOST)";
				CODE_SIGN_STYLE = Automatic;
				CURRENT_PROJECT_VERSION = 1;
				GENERATE_INFOPLIST_FILE = YES;
				IPHONEOS_DEPLOYMENT_TARGET = 15.2;
				MARKETING_VERSION = 1.0;
				PRODUCT_BUNDLE_IDENTIFIER = itc.TableViewTests;
				PRODUCT_NAME = "$(TARGET_NAME)";
				SWIFT_EMIT_LOC_STRINGS = NO;
				SWIFT_VERSION = 5.0;
				TARGETED_DEVICE_FAMILY = "1,2";
				TEST_HOST = "$(BUILT_PRODUCTS_DIR)/TableView.app/TableView";
			};
			name = Debug;
		};
		8475760327CCF27C006DD48E /* Release */ = {
			isa = XCBuildConfiguration;
			buildSettings = {
				ALWAYS_EMBED_SWIFT_STANDARD_LIBRARIES = YES;
				BUNDLE_LOADER = "$(TEST_HOST)";
				CODE_SIGN_STYLE = Automatic;
				CURRENT_PROJECT_VERSION = 1;
				GENERATE_INFOPLIST_FILE = YES;
				IPHONEOS_DEPLOYMENT_TARGET = 15.2;
				MARKETING_VERSION = 1.0;
				PRODUCT_BUNDLE_IDENTIFIER = itc.TableViewTests;
				PRODUCT_NAME = "$(TARGET_NAME)";
				SWIFT_EMIT_LOC_STRINGS = NO;
				SWIFT_VERSION = 5.0;
				TARGETED_DEVICE_FAMILY = "1,2";
				TEST_HOST = "$(BUILT_PRODUCTS_DIR)/TableView.app/TableView";
			};
			name = Release;
		};
		8475760527CCF27C006DD48E /* Debug */ = {
			isa = XCBuildConfiguration;
			buildSettings = {
				ALWAYS_EMBED_SWIFT_STANDARD_LIBRARIES = YES;
				CODE_SIGN_STYLE = Automatic;
				CURRENT_PROJECT_VERSION = 1;
				GENERATE_INFOPLIST_FILE = YES;
				MARKETING_VERSION = 1.0;
				PRODUCT_BUNDLE_IDENTIFIER = itc.TableViewUITests;
				PRODUCT_NAME = "$(TARGET_NAME)";
				SWIFT_EMIT_LOC_STRINGS = NO;
				SWIFT_VERSION = 5.0;
				TARGETED_DEVICE_FAMILY = "1,2";
				TEST_TARGET_NAME = TableView;
			};
			name = Debug;
		};
		8475760627CCF27C006DD48E /* Release */ = {
			isa = XCBuildConfiguration;
			buildSettings = {
				ALWAYS_EMBED_SWIFT_STANDARD_LIBRARIES = YES;
				CODE_SIGN_STYLE = Automatic;
				CURRENT_PROJECT_VERSION = 1;
				GENERATE_INFOPLIST_FILE = YES;
				MARKETING_VERSION = 1.0;
				PRODUCT_BUNDLE_IDENTIFIER = itc.TableViewUITests;
				PRODUCT_NAME = "$(TARGET_NAME)";
				SWIFT_EMIT_LOC_STRINGS = NO;
				SWIFT_VERSION = 5.0;
				TARGETED_DEVICE_FAMILY = "1,2";
				TEST_TARGET_NAME = TableView;
			};
			name = Release;
		};
/* End XCBuildConfiguration section */

/* Begin XCConfigurationList section */
		847575CF27CCF27A006DD48E /* Build configuration list for PBXProject "TableView" */ = {
			isa = XCConfigurationList;
			buildConfigurations = (
				847575FC27CCF27C006DD48E /* Debug */,
				847575FD27CCF27C006DD48E /* Release */,
			);
			defaultConfigurationIsVisible = 0;
			defaultConfigurationName = Release;
		};
		847575FE27CCF27C006DD48E /* Build configuration list for PBXNativeTarget "TableView" */ = {
			isa = XCConfigurationList;
			buildConfigurations = (
				847575FF27CCF27C006DD48E /* Debug */,
				8475760027CCF27C006DD48E /* Release */,
			);
			defaultConfigurationIsVisible = 0;
			defaultConfigurationName = Release;
		};
		8475760127CCF27C006DD48E /* Build configuration list for PBXNativeTarget "TableViewTests" */ = {
			isa = XCConfigurationList;
			buildConfigurations = (
				8475760227CCF27C006DD48E /* Debug */,
				8475760327CCF27C006DD48E /* Release */,
			);
			defaultConfigurationIsVisible = 0;
			defaultConfigurationName = Release;
		};
		8475760427CCF27C006DD48E /* Build configuration list for PBXNativeTarget "TableViewUITests" */ = {
			isa = XCConfigurationList;
			buildConfigurations = (
				8475760527CCF27C006DD48E /* Debug */,
				8475760627CCF27C006DD48E /* Release */,
			);
			defaultConfigurationIsVisible = 0;
			defaultConfigurationName = Release;
		};
/* End XCConfigurationList section */
	};
	rootObject = 847575CC27CCF27A006DD48E /* Project object */;
}
