// !$*UTF8*$!
{
	archiveVersion = 1;
	classes = {
	};
	objectVersion = 55;
	objects = {

/* Begin PBXBuildFile section */
		841B36F127BFDEF600A5058E /* AppDelegate.swift in Sources */ = {isa = PBXBuildFile; fileRef = 841B36F027BFDEF600A5058E /* AppDelegate.swift */; };
		841B36F327BFDEF600A5058E /* SceneDelegate.swift in Sources */ = {isa = PBXBuildFile; fileRef = 841B36F227BFDEF600A5058E /* SceneDelegate.swift */; };
		841B36F527BFDEF600A5058E /* ViewController.swift in Sources */ = {isa = PBXBuildFile; fileRef = 841B36F427BFDEF600A5058E /* ViewController.swift */; };
		841B36F827BFDEF600A5058E /* Main.storyboard in Resources */ = {isa = PBXBuildFile; fileRef = 841B36F627BFDEF600A5058E /* Main.storyboard */; };
		841B36FA27BFDEF800A5058E /* Assets.xcassets in Resources */ = {isa = PBXBuildFile; fileRef = 841B36F927BFDEF800A5058E /* Assets.xcassets */; };
		841B36FD27BFDEF800A5058E /* LaunchScreen.storyboard in Resources */ = {isa = PBXBuildFile; fileRef = 841B36FB27BFDEF800A5058E /* LaunchScreen.storyboard */; };
		841B370827BFDEF800A5058E /* CalculatorAssignmentTests.swift in Sources */ = {isa = PBXBuildFile; fileRef = 841B370727BFDEF800A5058E /* CalculatorAssignmentTests.swift */; };
		841B371227BFDEF800A5058E /* CalculatorAssignmentUITests.swift in Sources */ = {isa = PBXBuildFile; fileRef = 841B371127BFDEF800A5058E /* CalculatorAssignmentUITests.swift */; };
		841B371427BFDEF800A5058E /* CalculatorAssignmentUITestsLaunchTests.swift in Sources */ = {isa = PBXBuildFile; fileRef = 841B371327BFDEF800A5058E /* CalculatorAssignmentUITestsLaunchTests.swift */; };
/* End PBXBuildFile section */

/* Begin PBXContainerItemProxy section */
		841B370427BFDEF800A5058E /* PBXContainerItemProxy */ = {
			isa = PBXContainerItemProxy;
			containerPortal = 841B36E527BFDEF600A5058E /* Project object */;
			proxyType = 1;
			remoteGlobalIDString = 841B36EC27BFDEF600A5058E;
			remoteInfo = CalculatorAssignment;
		};
		841B370E27BFDEF800A5058E /* PBXContainerItemProxy */ = {
			isa = PBXContainerItemProxy;
			containerPortal = 841B36E527BFDEF600A5058E /* Project object */;
			proxyType = 1;
			remoteGlobalIDString = 841B36EC27BFDEF600A5058E;
			remoteInfo = CalculatorAssignment;
		};
/* End PBXContainerItemProxy section */

/* Begin PBXFileReference section */
		841B36ED27BFDEF600A5058E /* CalculatorAssignment.app */ = {isa = PBXFileReference; explicitFileType = wrapper.application; includeInIndex = 0; path = CalculatorAssignment.app; sourceTree = BUILT_PRODUCTS_DIR; };
		841B36F027BFDEF600A5058E /* AppDelegate.swift */ = {isa = PBXFileReference; lastKnownFileType = sourcecode.swift; path = AppDelegate.swift; sourceTree = "<group>"; };
		841B36F227BFDEF600A5058E /* SceneDelegate.swift */ = {isa = PBXFileReference; lastKnownFileType = sourcecode.swift; path = SceneDelegate.swift; sourceTree = "<group>"; };
		841B36F427BFDEF600A5058E /* ViewController.swift */ = {isa = PBXFileReference; lastKnownFileType = sourcecode.swift; path = ViewController.swift; sourceTree = "<group>"; };
		841B36F727BFDEF600A5058E /* Base */ = {isa = PBXFileReference; lastKnownFileType = file.storyboard; name = Base; path = Base.lproj/Main.storyboard; sourceTree = "<group>"; };
		841B36F927BFDEF800A5058E /* Assets.xcassets */ = {isa = PBXFileReference; lastKnownFileType = folder.assetcatalog; path = Assets.xcassets; sourceTree = "<group>"; };
		841B36FC27BFDEF800A5058E /* Base */ = {isa = PBXFileReference; lastKnownFileType = file.storyboard; name = Base; path = Base.lproj/LaunchScreen.storyboard; sourceTree = "<group>"; };
		841B36FE27BFDEF800A5058E /* Info.plist */ = {isa = PBXFileReference; lastKnownFileType = text.plist.xml; path = Info.plist; sourceTree = "<group>"; };
		841B370327BFDEF800A5058E /* CalculatorAssignmentTests.xctest */ = {isa = PBXFileReference; explicitFileType = wrapper.cfbundle; includeInIndex = 0; path = CalculatorAssignmentTests.xctest; sourceTree = BUILT_PRODUCTS_DIR; };
		841B370727BFDEF800A5058E /* CalculatorAssignmentTests.swift */ = {isa = PBXFileReference; lastKnownFileType = sourcecode.swift; path = CalculatorAssignmentTests.swift; sourceTree = "<group>"; };
		841B370D27BFDEF800A5058E /* CalculatorAssignmentUITests.xctest */ = {isa = PBXFileReference; explicitFileType = wrapper.cfbundle; includeInIndex = 0; path = CalculatorAssignmentUITests.xctest; sourceTree = BUILT_PRODUCTS_DIR; };
		841B371127BFDEF800A5058E /* CalculatorAssignmentUITests.swift */ = {isa = PBXFileReference; lastKnownFileType = sourcecode.swift; path = CalculatorAssignmentUITests.swift; sourceTree = "<group>"; };
		841B371327BFDEF800A5058E /* CalculatorAssignmentUITestsLaunchTests.swift */ = {isa = PBXFileReference; lastKnownFileType = sourcecode.swift; path = CalculatorAssignmentUITestsLaunchTests.swift; sourceTree = "<group>"; };
/* End PBXFileReference section */

/* Begin PBXFrameworksBuildPhase section */
		841B36EA27BFDEF600A5058E /* Frameworks */ = {
			isa = PBXFrameworksBuildPhase;
			buildActionMask = 2147483647;
			files = (
			);
			runOnlyForDeploymentPostprocessing = 0;
		};
		841B370027BFDEF800A5058E /* Frameworks */ = {
			isa = PBXFrameworksBuildPhase;
			buildActionMask = 2147483647;
			files = (
			);
			runOnlyForDeploymentPostprocessing = 0;
		};
		841B370A27BFDEF800A5058E /* Frameworks */ = {
			isa = PBXFrameworksBuildPhase;
			buildActionMask = 2147483647;
			files = (
			);
			runOnlyForDeploymentPostprocessing = 0;
		};
/* End PBXFrameworksBuildPhase section */

/* Begin PBXGroup section */
		841B36E427BFDEF600A5058E = {
			isa = PBXGroup;
			children = (
				841B36EF27BFDEF600A5058E /* CalculatorAssignment */,
				841B370627BFDEF800A5058E /* CalculatorAssignmentTests */,
				841B371027BFDEF800A5058E /* CalculatorAssignmentUITests */,
				841B36EE27BFDEF600A5058E /* Products */,
			);
			sourceTree = "<group>";
		};
		841B36EE27BFDEF600A5058E /* Products */ = {
			isa = PBXGroup;
			children = (
				841B36ED27BFDEF600A5058E /* CalculatorAssignment.app */,
				841B370327BFDEF800A5058E /* CalculatorAssignmentTests.xctest */,
				841B370D27BFDEF800A5058E /* CalculatorAssignmentUITests.xctest */,
			);
			name = Products;
			sourceTree = "<group>";
		};
		841B36EF27BFDEF600A5058E /* CalculatorAssignment */ = {
			isa = PBXGroup;
			children = (
				841B36F027BFDEF600A5058E /* AppDelegate.swift */,
				841B36F227BFDEF600A5058E /* SceneDelegate.swift */,
				841B36F427BFDEF600A5058E /* ViewController.swift */,
				841B36F627BFDEF600A5058E /* Main.storyboard */,
				841B36F927BFDEF800A5058E /* Assets.xcassets */,
				841B36FB27BFDEF800A5058E /* LaunchScreen.storyboard */,
				841B36FE27BFDEF800A5058E /* Info.plist */,
			);
			path = CalculatorAssignment;
			sourceTree = "<group>";
		};
		841B370627BFDEF800A5058E /* CalculatorAssignmentTests */ = {
			isa = PBXGroup;
			children = (
				841B370727BFDEF800A5058E /* CalculatorAssignmentTests.swift */,
			);
			path = CalculatorAssignmentTests;
			sourceTree = "<group>";
		};
		841B371027BFDEF800A5058E /* CalculatorAssignmentUITests */ = {
			isa = PBXGroup;
			children = (
				841B371127BFDEF800A5058E /* CalculatorAssignmentUITests.swift */,
				841B371327BFDEF800A5058E /* CalculatorAssignmentUITestsLaunchTests.swift */,
			);
			path = CalculatorAssignmentUITests;
			sourceTree = "<group>";
		};
/* End PBXGroup section */

/* Begin PBXNativeTarget section */
		841B36EC27BFDEF600A5058E /* CalculatorAssignment */ = {
			isa = PBXNativeTarget;
			buildConfigurationList = 841B371727BFDEF800A5058E /* Build configuration list for PBXNativeTarget "CalculatorAssignment" */;
			buildPhases = (
				841B36E927BFDEF600A5058E /* Sources */,
				841B36EA27BFDEF600A5058E /* Frameworks */,
				841B36EB27BFDEF600A5058E /* Resources */,
			);
			buildRules = (
			);
			dependencies = (
			);
			name = CalculatorAssignment;
			productName = CalculatorAssignment;
			productReference = 841B36ED27BFDEF600A5058E /* CalculatorAssignment.app */;
			productType = "com.apple.product-type.application";
		};
		841B370227BFDEF800A5058E /* CalculatorAssignmentTests */ = {
			isa = PBXNativeTarget;
			buildConfigurationList = 841B371A27BFDEF800A5058E /* Build configuration list for PBXNativeTarget "CalculatorAssignmentTests" */;
			buildPhases = (
				841B36FF27BFDEF800A5058E /* Sources */,
				841B370027BFDEF800A5058E /* Frameworks */,
				841B370127BFDEF800A5058E /* Resources */,
			);
			buildRules = (
			);
			dependencies = (
				841B370527BFDEF800A5058E /* PBXTargetDependency */,
			);
			name = CalculatorAssignmentTests;
			productName = CalculatorAssignmentTests;
			productReference = 841B370327BFDEF800A5058E /* CalculatorAssignmentTests.xctest */;
			productType = "com.apple.product-type.bundle.unit-test";
		};
		841B370C27BFDEF800A5058E /* CalculatorAssignmentUITests */ = {
			isa = PBXNativeTarget;
			buildConfigurationList = 841B371D27BFDEF800A5058E /* Build configuration list for PBXNativeTarget "CalculatorAssignmentUITests" */;
			buildPhases = (
				841B370927BFDEF800A5058E /* Sources */,
				841B370A27BFDEF800A5058E /* Frameworks */,
				841B370B27BFDEF800A5058E /* Resources */,
			);
			buildRules = (
			);
			dependencies = (
				841B370F27BFDEF800A5058E /* PBXTargetDependency */,
			);
			name = CalculatorAssignmentUITests;
			productName = CalculatorAssignmentUITests;
			productReference = 841B370D27BFDEF800A5058E /* CalculatorAssignmentUITests.xctest */;
			productType = "com.apple.product-type.bundle.ui-testing";
		};
/* End PBXNativeTarget section */

/* Begin PBXProject section */
		841B36E527BFDEF600A5058E /* Project object */ = {
			isa = PBXProject;
			attributes = {
				BuildIndependentTargetsInParallel = 1;
				LastSwiftUpdateCheck = 1320;
				LastUpgradeCheck = 1320;
				TargetAttributes = {
					841B36EC27BFDEF600A5058E = {
						CreatedOnToolsVersion = 13.2.1;
					};
					841B370227BFDEF800A5058E = {
						CreatedOnToolsVersion = 13.2.1;
						TestTargetID = 841B36EC27BFDEF600A5058E;
					};
					841B370C27BFDEF800A5058E = {
						CreatedOnToolsVersion = 13.2.1;
						TestTargetID = 841B36EC27BFDEF600A5058E;
					};
				};
			};
			buildConfigurationList = 841B36E827BFDEF600A5058E /* Build configuration list for PBXProject "CalculatorAssignment" */;
			compatibilityVersion = "Xcode 13.0";
			developmentRegion = en;
			hasScannedForEncodings = 0;
			knownRegions = (
				en,
				Base,
			);
			mainGroup = 841B36E427BFDEF600A5058E;
			productRefGroup = 841B36EE27BFDEF600A5058E /* Products */;
			projectDirPath = "";
			projectRoot = "";
			targets = (
				841B36EC27BFDEF600A5058E /* CalculatorAssignment */,
				841B370227BFDEF800A5058E /* CalculatorAssignmentTests */,
				841B370C27BFDEF800A5058E /* CalculatorAssignmentUITests */,
			);
		};
/* End PBXProject section */

/* Begin PBXResourcesBuildPhase section */
		841B36EB27BFDEF600A5058E /* Resources */ = {
			isa = PBXResourcesBuildPhase;
			buildActionMask = 2147483647;
			files = (
				841B36FD27BFDEF800A5058E /* LaunchScreen.storyboard in Resources */,
				841B36FA27BFDEF800A5058E /* Assets.xcassets in Resources */,
				841B36F827BFDEF600A5058E /* Main.storyboard in Resources */,
			);
			runOnlyForDeploymentPostprocessing = 0;
		};
		841B370127BFDEF800A5058E /* Resources */ = {
			isa = PBXResourcesBuildPhase;
			buildActionMask = 2147483647;
			files = (
			);
			runOnlyForDeploymentPostprocessing = 0;
		};
		841B370B27BFDEF800A5058E /* Resources */ = {
			isa = PBXResourcesBuildPhase;
			buildActionMask = 2147483647;
			files = (
			);
			runOnlyForDeploymentPostprocessing = 0;
		};
/* End PBXResourcesBuildPhase section */

/* Begin PBXSourcesBuildPhase section */
		841B36E927BFDEF600A5058E /* Sources */ = {
			isa = PBXSourcesBuildPhase;
			buildActionMask = 2147483647;
			files = (
				841B36F527BFDEF600A5058E /* ViewController.swift in Sources */,
				841B36F127BFDEF600A5058E /* AppDelegate.swift in Sources */,
				841B36F327BFDEF600A5058E /* SceneDelegate.swift in Sources */,
			);
			runOnlyForDeploymentPostprocessing = 0;
		};
		841B36FF27BFDEF800A5058E /* Sources */ = {
			isa = PBXSourcesBuildPhase;
			buildActionMask = 2147483647;
			files = (
				841B370827BFDEF800A5058E /* CalculatorAssignmentTests.swift in Sources */,
			);
			runOnlyForDeploymentPostprocessing = 0;
		};
		841B370927BFDEF800A5058E /* Sources */ = {
			isa = PBXSourcesBuildPhase;
			buildActionMask = 2147483647;
			files = (
				841B371227BFDEF800A5058E /* CalculatorAssignmentUITests.swift in Sources */,
				841B371427BFDEF800A5058E /* CalculatorAssignmentUITestsLaunchTests.swift in Sources */,
			);
			runOnlyForDeploymentPostprocessing = 0;
		};
/* End PBXSourcesBuildPhase section */

/* Begin PBXTargetDependency section */
		841B370527BFDEF800A5058E /* PBXTargetDependency */ = {
			isa = PBXTargetDependency;
			target = 841B36EC27BFDEF600A5058E /* CalculatorAssignment */;
			targetProxy = 841B370427BFDEF800A5058E /* PBXContainerItemProxy */;
		};
		841B370F27BFDEF800A5058E /* PBXTargetDependency */ = {
			isa = PBXTargetDependency;
			target = 841B36EC27BFDEF600A5058E /* CalculatorAssignment */;
			targetProxy = 841B370E27BFDEF800A5058E /* PBXContainerItemProxy */;
		};
/* End PBXTargetDependency section */

/* Begin PBXVariantGroup section */
		841B36F627BFDEF600A5058E /* Main.storyboard */ = {
			isa = PBXVariantGroup;
			children = (
				841B36F727BFDEF600A5058E /* Base */,
			);
			name = Main.storyboard;
			sourceTree = "<group>";
		};
		841B36FB27BFDEF800A5058E /* LaunchScreen.storyboard */ = {
			isa = PBXVariantGroup;
			children = (
				841B36FC27BFDEF800A5058E /* Base */,
			);
			name = LaunchScreen.storyboard;
			sourceTree = "<group>";
		};
/* End PBXVariantGroup section */

/* Begin XCBuildConfiguration section */
		841B371527BFDEF800A5058E /* Debug */ = {
			isa = XCBuildConfiguration;
			buildSettings = {
				ALWAYS_SEARCH_USER_PATHS = NO;
				CLANG_ANALYZER_NONNULL = YES;
				CLANG_ANALYZER_NUMBER_OBJECT_CONVERSION = YES_AGGRESSIVE;
				CLANG_CXX_LANGUAGE_STANDARD = "gnu++17";
				CLANG_CXX_LIBRARY = "libc++";
				CLANG_ENABLE_MODULES = YES;
				CLANG_ENABLE_OBJC_ARC = YES;
				CLANG_ENABLE_OBJC_WEAK = YES;
				CLANG_WARN_BLOCK_CAPTURE_AUTORELEASING = YES;
				CLANG_WARN_BOOL_CONVERSION = YES;
				CLANG_WARN_COMMA = YES;
				CLANG_WARN_CONSTANT_CONVERSION = YES;
				CLANG_WARN_DEPRECATED_OBJC_IMPLEMENTATIONS = YES;
				CLANG_WARN_DIRECT_OBJC_ISA_USAGE = YES_ERROR;
				CLANG_WARN_DOCUMENTATION_COMMENTS = YES;
				CLANG_WARN_EMPTY_BODY = YES;
				CLANG_WARN_ENUM_CONVERSION = YES;
				CLANG_WARN_INFINITE_RECURSION = YES;
				CLANG_WARN_INT_CONVERSION = YES;
				CLANG_WARN_NON_LITERAL_NULL_CONVERSION = YES;
				CLANG_WARN_OBJC_IMPLICIT_RETAIN_SELF = YES;
				CLANG_WARN_OBJC_LITERAL_CONVERSION = YES;
				CLANG_WARN_OBJC_ROOT_CLASS = YES_ERROR;
				CLANG_WARN_QUOTED_INCLUDE_IN_FRAMEWORK_HEADER = YES;
				CLANG_WARN_RANGE_LOOP_ANALYSIS = YES;
				CLANG_WARN_STRICT_PROTOTYPES = YES;
				CLANG_WARN_SUSPICIOUS_MOVE = YES;
				CLANG_WARN_UNGUARDED_AVAILABILITY = YES_AGGRESSIVE;
				CLANG_WARN_UNREACHABLE_CODE = YES;
				CLANG_WARN__DUPLICATE_METHOD_MATCH = YES;
				COPY_PHASE_STRIP = NO;
				DEBUG_INFORMATION_FORMAT = dwarf;
				ENABLE_STRICT_OBJC_MSGSEND = YES;
				ENABLE_TESTABILITY = YES;
				GCC_C_LANGUAGE_STANDARD = gnu11;
				GCC_DYNAMIC_NO_PIC = NO;
				GCC_NO_COMMON_BLOCKS = YES;
				GCC_OPTIMIZATION_LEVEL = 0;
				GCC_PREPROCESSOR_DEFINITIONS = (
					"DEBUG=1",
					"$(inherited)",
				);
				GCC_WARN_64_TO_32_BIT_CONVERSION = YES;
				GCC_WARN_ABOUT_RETURN_TYPE = YES_ERROR;
				GCC_WARN_UNDECLARED_SELECTOR = YES;
				GCC_WARN_UNINITIALIZED_AUTOS = YES_AGGRESSIVE;
				GCC_WARN_UNUSED_FUNCTION = YES;
				GCC_WARN_UNUSED_VARIABLE = YES;
				IPHONEOS_DEPLOYMENT_TARGET = 15.2;
				MTL_ENABLE_DEBUG_INFO = INCLUDE_SOURCE;
				MTL_FAST_MATH = YES;
				ONLY_ACTIVE_ARCH = YES;
				SDKROOT = iphoneos;
				SWIFT_ACTIVE_COMPILATION_CONDITIONS = DEBUG;
				SWIFT_OPTIMIZATION_LEVEL = "-Onone";
			};
			name = Debug;
		};
		841B371627BFDEF800A5058E /* Release */ = {
			isa = XCBuildConfiguration;
			buildSettings = {
				ALWAYS_SEARCH_USER_PATHS = NO;
				CLANG_ANALYZER_NONNULL = YES;
				CLANG_ANALYZER_NUMBER_OBJECT_CONVERSION = YES_AGGRESSIVE;
				CLANG_CXX_LANGUAGE_STANDARD = "gnu++17";
				CLANG_CXX_LIBRARY = "libc++";
				CLANG_ENABLE_MODULES = YES;
				CLANG_ENABLE_OBJC_ARC = YES;
				CLANG_ENABLE_OBJC_WEAK = YES;
				CLANG_WARN_BLOCK_CAPTURE_AUTORELEASING = YES;
				CLANG_WARN_BOOL_CONVERSION = YES;
				CLANG_WARN_COMMA = YES;
				CLANG_WARN_CONSTANT_CONVERSION = YES;
				CLANG_WARN_DEPRECATED_OBJC_IMPLEMENTATIONS = YES;
				CLANG_WARN_DIRECT_OBJC_ISA_USAGE = YES_ERROR;
				CLANG_WARN_DOCUMENTATION_COMMENTS = YES;
				CLANG_WARN_EMPTY_BODY = YES;
				CLANG_WARN_ENUM_CONVERSION = YES;
				CLANG_WARN_INFINITE_RECURSION = YES;
				CLANG_WARN_INT_CONVERSION = YES;
				CLANG_WARN_NON_LITERAL_NULL_CONVERSION = YES;
				CLANG_WARN_OBJC_IMPLICIT_RETAIN_SELF = YES;
				CLANG_WARN_OBJC_LITERAL_CONVERSION = YES;
				CLANG_WARN_OBJC_ROOT_CLASS = YES_ERROR;
				CLANG_WARN_QUOTED_INCLUDE_IN_FRAMEWORK_HEADER = YES;
				CLANG_WARN_RANGE_LOOP_ANALYSIS = YES;
				CLANG_WARN_STRICT_PROTOTYPES = YES;
				CLANG_WARN_SUSPICIOUS_MOVE = YES;
				CLANG_WARN_UNGUARDED_AVAILABILITY = YES_AGGRESSIVE;
				CLANG_WARN_UNREACHABLE_CODE = YES;
				CLANG_WARN__DUPLICATE_METHOD_MATCH = YES;
				COPY_PHASE_STRIP = NO;
				DEBUG_INFORMATION_FORMAT = "dwarf-with-dsym";
				ENABLE_NS_ASSERTIONS = NO;
				ENABLE_STRICT_OBJC_MSGSEND = YES;
				GCC_C_LANGUAGE_STANDARD = gnu11;
				GCC_NO_COMMON_BLOCKS = YES;
				GCC_WARN_64_TO_32_BIT_CONVERSION = YES;
				GCC_WARN_ABOUT_RETURN_TYPE = YES_ERROR;
				GCC_WARN_UNDECLARED_SELECTOR = YES;
				GCC_WARN_UNINITIALIZED_AUTOS = YES_AGGRESSIVE;
				GCC_WARN_UNUSED_FUNCTION = YES;
				GCC_WARN_UNUSED_VARIABLE = YES;
				IPHONEOS_DEPLOYMENT_TARGET = 15.2;
				MTL_ENABLE_DEBUG_INFO = NO;
				MTL_FAST_MATH = YES;
				SDKROOT = iphoneos;
				SWIFT_COMPILATION_MODE = wholemodule;
				SWIFT_OPTIMIZATION_LEVEL = "-O";
				VALIDATE_PRODUCT = YES;
			};
			name = Release;
		};
		841B371827BFDEF800A5058E /* Debug */ = {
			isa = XCBuildConfiguration;
			buildSettings = {
				ASSETCATALOG_COMPILER_APPICON_NAME = AppIcon;
				ASSETCATALOG_COMPILER_GLOBAL_ACCENT_COLOR_NAME = AccentColor;
				CODE_SIGN_STYLE = Automatic;
				CURRENT_PROJECT_VERSION = 1;
				GENERATE_INFOPLIST_FILE = YES;
				INFOPLIST_FILE = CalculatorAssignment/Info.plist;
				INFOPLIST_KEY_UIApplicationSupportsIndirectInputEvents = YES;
				INFOPLIST_KEY_UILaunchStoryboardName = LaunchScreen;
				INFOPLIST_KEY_UIMainStoryboardFile = Main;
				INFOPLIST_KEY_UISupportedInterfaceOrientations_iPad = "UIInterfaceOrientationPortrait UIInterfaceOrientationPortraitUpsideDown UIInterfaceOrientationLandscapeLeft UIInterfaceOrientationLandscapeRight";
				INFOPLIST_KEY_UISupportedInterfaceOrientations_iPhone = "UIInterfaceOrientationPortrait UIInterfaceOrientationLandscapeLeft UIInterfaceOrientationLandscapeRight";
				LD_RUNPATH_SEARCH_PATHS = (
					"$(inherited)",
					"@executable_path/Frameworks",
				);
				MARKETING_VERSION = 1.0;
				PRODUCT_BUNDLE_IDENTIFIER = itc.CalculatorAssignment;
				PRODUCT_NAME = "$(TARGET_NAME)";
				SWIFT_EMIT_LOC_STRINGS = YES;
				SWIFT_VERSION = 5.0;
				TARGETED_DEVICE_FAMILY = "1,2";
			};
			name = Debug;
		};
		841B371927BFDEF800A5058E /* Release */ = {
			isa = XCBuildConfiguration;
			buildSettings = {
				ASSETCATALOG_COMPILER_APPICON_NAME = AppIcon;
				ASSETCATALOG_COMPILER_GLOBAL_ACCENT_COLOR_NAME = AccentColor;
				CODE_SIGN_STYLE = Automatic;
				CURRENT_PROJECT_VERSION = 1;
				GENERATE_INFOPLIST_FILE = YES;
				INFOPLIST_FILE = CalculatorAssignment/Info.plist;
				INFOPLIST_KEY_UIApplicationSupportsIndirectInputEvents = YES;
				INFOPLIST_KEY_UILaunchStoryboardName = LaunchScreen;
				INFOPLIST_KEY_UIMainStoryboardFile = Main;
				INFOPLIST_KEY_UISupportedInterfaceOrientations_iPad = "UIInterfaceOrientationPortrait UIInterfaceOrientationPortraitUpsideDown UIInterfaceOrientationLandscapeLeft UIInterfaceOrientationLandscapeRight";
				INFOPLIST_KEY_UISupportedInterfaceOrientations_iPhone = "UIInterfaceOrientationPortrait UIInterfaceOrientationLandscapeLeft UIInterfaceOrientationLandscapeRight";
				LD_RUNPATH_SEARCH_PATHS = (
					"$(inherited)",
					"@executable_path/Frameworks",
				);
				MARKETING_VERSION = 1.0;
				PRODUCT_BUNDLE_IDENTIFIER = itc.CalculatorAssignment;
				PRODUCT_NAME = "$(TARGET_NAME)";
				SWIFT_EMIT_LOC_STRINGS = YES;
				SWIFT_VERSION = 5.0;
				TARGETED_DEVICE_FAMILY = "1,2";
			};
			name = Release;
		};
		841B371B27BFDEF800A5058E /* Debug */ = {
			isa = XCBuildConfiguration;
			buildSettings = {
				ALWAYS_EMBED_SWIFT_STANDARD_LIBRARIES = YES;
				BUNDLE_LOADER = "$(TEST_HOST)";
				CODE_SIGN_STYLE = Automatic;
				CURRENT_PROJECT_VERSION = 1;
				GENERATE_INFOPLIST_FILE = YES;
				IPHONEOS_DEPLOYMENT_TARGET = 15.2;
				MARKETING_VERSION = 1.0;
				PRODUCT_BUNDLE_IDENTIFIER = itc.CalculatorAssignmentTests;
				PRODUCT_NAME = "$(TARGET_NAME)";
				SWIFT_EMIT_LOC_STRINGS = NO;
				SWIFT_VERSION = 5.0;
				TARGETED_DEVICE_FAMILY = "1,2";
				TEST_HOST = "$(BUILT_PRODUCTS_DIR)/CalculatorAssignment.app/CalculatorAssignment";
			};
			name = Debug;
		};
		841B371C27BFDEF800A5058E /* Release */ = {
			isa = XCBuildConfiguration;
			buildSettings = {
				ALWAYS_EMBED_SWIFT_STANDARD_LIBRARIES = YES;
				BUNDLE_LOADER = "$(TEST_HOST)";
				CODE_SIGN_STYLE = Automatic;
				CURRENT_PROJECT_VERSION = 1;
				GENERATE_INFOPLIST_FILE = YES;
				IPHONEOS_DEPLOYMENT_TARGET = 15.2;
				MARKETING_VERSION = 1.0;
				PRODUCT_BUNDLE_IDENTIFIER = itc.CalculatorAssignmentTests;
				PRODUCT_NAME = "$(TARGET_NAME)";
				SWIFT_EMIT_LOC_STRINGS = NO;
				SWIFT_VERSION = 5.0;
				TARGETED_DEVICE_FAMILY = "1,2";
				TEST_HOST = "$(BUILT_PRODUCTS_DIR)/CalculatorAssignment.app/CalculatorAssignment";
			};
			name = Release;
		};
		841B371E27BFDEF800A5058E /* Debug */ = {
			isa = XCBuildConfiguration;
			buildSettings = {
				ALWAYS_EMBED_SWIFT_STANDARD_LIBRARIES = YES;
				CODE_SIGN_STYLE = Automatic;
				CURRENT_PROJECT_VERSION = 1;
				GENERATE_INFOPLIST_FILE = YES;
				MARKETING_VERSION = 1.0;
				PRODUCT_BUNDLE_IDENTIFIER = itc.CalculatorAssignmentUITests;
				PRODUCT_NAME = "$(TARGET_NAME)";
				SWIFT_EMIT_LOC_STRINGS = NO;
				SWIFT_VERSION = 5.0;
				TARGETED_DEVICE_FAMILY = "1,2";
				TEST_TARGET_NAME = CalculatorAssignment;
			};
			name = Debug;
		};
		841B371F27BFDEF800A5058E /* Release */ = {
			isa = XCBuildConfiguration;
			buildSettings = {
				ALWAYS_EMBED_SWIFT_STANDARD_LIBRARIES = YES;
				CODE_SIGN_STYLE = Automatic;
				CURRENT_PROJECT_VERSION = 1;
				GENERATE_INFOPLIST_FILE = YES;
				MARKETING_VERSION = 1.0;
				PRODUCT_BUNDLE_IDENTIFIER = itc.CalculatorAssignmentUITests;
				PRODUCT_NAME = "$(TARGET_NAME)";
				SWIFT_EMIT_LOC_STRINGS = NO;
				SWIFT_VERSION = 5.0;
				TARGETED_DEVICE_FAMILY = "1,2";
				TEST_TARGET_NAME = CalculatorAssignment;
			};
			name = Release;
		};
/* End XCBuildConfiguration section */

/* Begin XCConfigurationList section */
		841B36E827BFDEF600A5058E /* Build configuration list for PBXProject "CalculatorAssignment" */ = {
			isa = XCConfigurationList;
			buildConfigurations = (
				841B371527BFDEF800A5058E /* Debug */,
				841B371627BFDEF800A5058E /* Release */,
			);
			defaultConfigurationIsVisible = 0;
			defaultConfigurationName = Release;
		};
		841B371727BFDEF800A5058E /* Build configuration list for PBXNativeTarget "CalculatorAssignment" */ = {
			isa = XCConfigurationList;
			buildConfigurations = (
				841B371827BFDEF800A5058E /* Debug */,
				841B371927BFDEF800A5058E /* Release */,
			);
			defaultConfigurationIsVisible = 0;
			defaultConfigurationName = Release;
		};
		841B371A27BFDEF800A5058E /* Build configuration list for PBXNativeTarget "CalculatorAssignmentTests" */ = {
			isa = XCConfigurationList;
			buildConfigurations = (
				841B371B27BFDEF800A5058E /* Debug */,
				841B371C27BFDEF800A5058E /* Release */,
			);
			defaultConfigurationIsVisible = 0;
			defaultConfigurationName = Release;
		};
		841B371D27BFDEF800A5058E /* Build configuration list for PBXNativeTarget "CalculatorAssignmentUITests" */ = {
			isa = XCConfigurationList;
			buildConfigurations = (
				841B371E27BFDEF800A5058E /* Debug */,
				841B371F27BFDEF800A5058E /* Release */,
			);
			defaultConfigurationIsVisible = 0;
			defaultConfigurationName = Release;
		};
/* End XCConfigurationList section */
	};
	rootObject = 841B36E527BFDEF600A5058E /* Project object */;
}
