// !$*UTF8*$!
{
	archiveVersion = 1;
	classes = {
	};
	objectVersion = 55;
	objects = {

/* Begin PBXBuildFile section */
		8460C12627E2034600635DAB /* Images.json in Resources */ = {isa = PBXBuildFile; fileRef = 8460C12527E2034600635DAB /* Images.json */; };
		846FB42027E097FE00EFA9FB /* ViewModel.swift in Sources */ = {isa = PBXBuildFile; fileRef = 846FB41F27E097FE00EFA9FB /* ViewModel.swift */; };
		846FB42227E0A6D800EFA9FB /* ViewModelTests.swift in Sources */ = {isa = PBXBuildFile; fileRef = 846FB42127E0A6D800EFA9FB /* ViewModelTests.swift */; };
		846FB42427E0B51500EFA9FB /* MockNetworkManager.swift in Sources */ = {isa = PBXBuildFile; fileRef = 846FB42327E0B51500EFA9FB /* MockNetworkManager.swift */; };
		8474EE4127DF48CA00C7CE81 /* DownloadImg.swift in Sources */ = {isa = PBXBuildFile; fileRef = 8474EE4027DF48CA00C7CE81 /* DownloadImg.swift */; };
		8474EE4327DF495A00C7CE81 /* CollectionViewCell.swift in Sources */ = {isa = PBXBuildFile; fileRef = 8474EE4227DF495A00C7CE81 /* CollectionViewCell.swift */; };
		8474EE4527DF4BB700C7CE81 /* NetworkManager.swift in Sources */ = {isa = PBXBuildFile; fileRef = 8474EE4427DF4BB700C7CE81 /* NetworkManager.swift */; };
		848689DF27DA523300662782 /* AppDelegate.swift in Sources */ = {isa = PBXBuildFile; fileRef = 848689DE27DA523300662782 /* AppDelegate.swift */; };
		848689E127DA523300662782 /* SceneDelegate.swift in Sources */ = {isa = PBXBuildFile; fileRef = 848689E027DA523300662782 /* SceneDelegate.swift */; };
		848689E327DA523300662782 /* ViewController.swift in Sources */ = {isa = PBXBuildFile; fileRef = 848689E227DA523300662782 /* ViewController.swift */; };
		848689E627DA523300662782 /* Main.storyboard in Resources */ = {isa = PBXBuildFile; fileRef = 848689E427DA523300662782 /* Main.storyboard */; };
		848689E827DA523500662782 /* Assets.xcassets in Resources */ = {isa = PBXBuildFile; fileRef = 848689E727DA523500662782 /* Assets.xcassets */; };
		848689EB27DA523500662782 /* LaunchScreen.storyboard in Resources */ = {isa = PBXBuildFile; fileRef = 848689E927DA523500662782 /* LaunchScreen.storyboard */; };
		848689F627DA523500662782 /* CollectionViewFlickerTests.swift in Sources */ = {isa = PBXBuildFile; fileRef = 848689F527DA523500662782 /* CollectionViewFlickerTests.swift */; };
		84868A0027DA523500662782 /* CollectionViewFlickerUITests.swift in Sources */ = {isa = PBXBuildFile; fileRef = 848689FF27DA523500662782 /* CollectionViewFlickerUITests.swift */; };
		84868A0227DA523500662782 /* CollectionViewFlickerUITestsLaunchTests.swift in Sources */ = {isa = PBXBuildFile; fileRef = 84868A0127DA523500662782 /* CollectionViewFlickerUITestsLaunchTests.swift */; };
		8487B32F27E347BF00D627CA /* FavoriteViewController.swift in Sources */ = {isa = PBXBuildFile; fileRef = 8487B32E27E347BF00D627CA /* FavoriteViewController.swift */; };
		848B11AF27DB4ECF004541ED /* PhotoData.swift in Sources */ = {isa = PBXBuildFile; fileRef = 848B11AE27DB4ECF004541ED /* PhotoData.swift */; };
		849E98A227E9C8CD00F50215 /* SavedPhotos.xcdatamodeld in Sources */ = {isa = PBXBuildFile; fileRef = 849E98A027E9C8CD00F50215 /* SavedPhotos.xcdatamodeld */; };
		849E98E727E9D82200F50215 /* FavData.swift in Sources */ = {isa = PBXBuildFile; fileRef = 849E98E627E9D82200F50215 /* FavData.swift */; };
/* End PBXBuildFile section */

/* Begin PBXContainerItemProxy section */
		848689F227DA523500662782 /* PBXContainerItemProxy */ = {
			isa = PBXContainerItemProxy;
			containerPortal = 848689D327DA523300662782 /* Project object */;
			proxyType = 1;
			remoteGlobalIDString = 848689DA27DA523300662782;
			remoteInfo = CollectionViewFlicker;
		};
		848689FC27DA523500662782 /* PBXContainerItemProxy */ = {
			isa = PBXContainerItemProxy;
			containerPortal = 848689D327DA523300662782 /* Project object */;
			proxyType = 1;
			remoteGlobalIDString = 848689DA27DA523300662782;
			remoteInfo = CollectionViewFlicker;
		};
/* End PBXContainerItemProxy section */

/* Begin PBXFileReference section */
		8460C12527E2034600635DAB /* Images.json */ = {isa = PBXFileReference; lastKnownFileType = text.json; path = Images.json; sourceTree = "<group>"; };
		846FB41F27E097FE00EFA9FB /* ViewModel.swift */ = {isa = PBXFileReference; lastKnownFileType = sourcecode.swift; path = ViewModel.swift; sourceTree = "<group>"; };
		846FB42127E0A6D800EFA9FB /* ViewModelTests.swift */ = {isa = PBXFileReference; lastKnownFileType = sourcecode.swift; path = ViewModelTests.swift; sourceTree = "<group>"; };
		846FB42327E0B51500EFA9FB /* MockNetworkManager.swift */ = {isa = PBXFileReference; lastKnownFileType = sourcecode.swift; path = MockNetworkManager.swift; sourceTree = "<group>"; };
		8474EE4027DF48CA00C7CE81 /* DownloadImg.swift */ = {isa = PBXFileReference; lastKnownFileType = sourcecode.swift; path = DownloadImg.swift; sourceTree = "<group>"; };
		8474EE4227DF495A00C7CE81 /* CollectionViewCell.swift */ = {isa = PBXFileReference; lastKnownFileType = sourcecode.swift; path = CollectionViewCell.swift; sourceTree = "<group>"; };
		8474EE4427DF4BB700C7CE81 /* NetworkManager.swift */ = {isa = PBXFileReference; lastKnownFileType = sourcecode.swift; path = NetworkManager.swift; sourceTree = "<group>"; };
		848689DB27DA523300662782 /* CollectionViewFlicker.app */ = {isa = PBXFileReference; explicitFileType = wrapper.application; includeInIndex = 0; path = CollectionViewFlicker.app; sourceTree = BUILT_PRODUCTS_DIR; };
		848689DE27DA523300662782 /* AppDelegate.swift */ = {isa = PBXFileReference; lastKnownFileType = sourcecode.swift; path = AppDelegate.swift; sourceTree = "<group>"; };
		848689E027DA523300662782 /* SceneDelegate.swift */ = {isa = PBXFileReference; lastKnownFileType = sourcecode.swift; path = SceneDelegate.swift; sourceTree = "<group>"; };
		848689E227DA523300662782 /* ViewController.swift */ = {isa = PBXFileReference; lastKnownFileType = sourcecode.swift; path = ViewController.swift; sourceTree = "<group>"; };
		848689E527DA523300662782 /* Base */ = {isa = PBXFileReference; lastKnownFileType = file.storyboard; name = Base; path = Base.lproj/Main.storyboard; sourceTree = "<group>"; };
		848689E727DA523500662782 /* Assets.xcassets */ = {isa = PBXFileReference; lastKnownFileType = folder.assetcatalog; path = Assets.xcassets; sourceTree = "<group>"; };
		848689EA27DA523500662782 /* Base */ = {isa = PBXFileReference; lastKnownFileType = file.storyboard; name = Base; path = Base.lproj/LaunchScreen.storyboard; sourceTree = "<group>"; };
		848689EC27DA523500662782 /* Info.plist */ = {isa = PBXFileReference; lastKnownFileType = text.plist.xml; path = Info.plist; sourceTree = "<group>"; };
		848689F127DA523500662782 /* CollectionViewFlickerTests.xctest */ = {isa = PBXFileReference; explicitFileType = wrapper.cfbundle; includeInIndex = 0; path = CollectionViewFlickerTests.xctest; sourceTree = BUILT_PRODUCTS_DIR; };
		848689F527DA523500662782 /* CollectionViewFlickerTests.swift */ = {isa = PBXFileReference; lastKnownFileType = sourcecode.swift; path = CollectionViewFlickerTests.swift; sourceTree = "<group>"; };
		848689FB27DA523500662782 /* CollectionViewFlickerUITests.xctest */ = {isa = PBXFileReference; explicitFileType = wrapper.cfbundle; includeInIndex = 0; path = CollectionViewFlickerUITests.xctest; sourceTree = BUILT_PRODUCTS_DIR; };
		848689FF27DA523500662782 /* CollectionViewFlickerUITests.swift */ = {isa = PBXFileReference; lastKnownFileType = sourcecode.swift; path = CollectionViewFlickerUITests.swift; sourceTree = "<group>"; };
		84868A0127DA523500662782 /* CollectionViewFlickerUITestsLaunchTests.swift */ = {isa = PBXFileReference; lastKnownFileType = sourcecode.swift; path = CollectionViewFlickerUITestsLaunchTests.swift; sourceTree = "<group>"; };
		8487B32E27E347BF00D627CA /* FavoriteViewController.swift */ = {isa = PBXFileReference; lastKnownFileType = sourcecode.swift; path = FavoriteViewController.swift; sourceTree = "<group>"; };
		848B11AE27DB4ECF004541ED /* PhotoData.swift */ = {isa = PBXFileReference; lastKnownFileType = sourcecode.swift; path = PhotoData.swift; sourceTree = "<group>"; };
		849E98A127E9C8CD00F50215 /* savedPhotos.xcdatamodel */ = {isa = PBXFileReference; lastKnownFileType = wrapper.xcdatamodel; path = savedPhotos.xcdatamodel; sourceTree = "<group>"; };
		849E98E627E9D82200F50215 /* FavData.swift */ = {isa = PBXFileReference; lastKnownFileType = sourcecode.swift; path = FavData.swift; sourceTree = "<group>"; };
/* End PBXFileReference section */

/* Begin PBXFrameworksBuildPhase section */
		848689D827DA523300662782 /* Frameworks */ = {
			isa = PBXFrameworksBuildPhase;
			buildActionMask = 2147483647;
			files = (
			);
			runOnlyForDeploymentPostprocessing = 0;
		};
		848689EE27DA523500662782 /* Frameworks */ = {
			isa = PBXFrameworksBuildPhase;
			buildActionMask = 2147483647;
			files = (
			);
			runOnlyForDeploymentPostprocessing = 0;
		};
		848689F827DA523500662782 /* Frameworks */ = {
			isa = PBXFrameworksBuildPhase;
			buildActionMask = 2147483647;
			files = (
			);
			runOnlyForDeploymentPostprocessing = 0;
		};
/* End PBXFrameworksBuildPhase section */

/* Begin PBXGroup section */
		848689D227DA523300662782 = {
			isa = PBXGroup;
			children = (
				848689DD27DA523300662782 /* CollectionViewFlicker */,
				848689F427DA523500662782 /* CollectionViewFlickerTests */,
				848689FE27DA523500662782 /* CollectionViewFlickerUITests */,
				848689DC27DA523300662782 /* Products */,
			);
			sourceTree = "<group>";
		};
		848689DC27DA523300662782 /* Products */ = {
			isa = PBXGroup;
			children = (
				848689DB27DA523300662782 /* CollectionViewFlicker.app */,
				848689F127DA523500662782 /* CollectionViewFlickerTests.xctest */,
				848689FB27DA523500662782 /* CollectionViewFlickerUITests.xctest */,
			);
			name = Products;
			sourceTree = "<group>";
		};
		848689DD27DA523300662782 /* CollectionViewFlicker */ = {
			isa = PBXGroup;
			children = (
				848689DE27DA523300662782 /* AppDelegate.swift */,
				848689E027DA523300662782 /* SceneDelegate.swift */,
				848B11AE27DB4ECF004541ED /* PhotoData.swift */,
				8474EE4027DF48CA00C7CE81 /* DownloadImg.swift */,
				8474EE4227DF495A00C7CE81 /* CollectionViewCell.swift */,
				8474EE4427DF4BB700C7CE81 /* NetworkManager.swift */,
				846FB41F27E097FE00EFA9FB /* ViewModel.swift */,
				849E98E627E9D82200F50215 /* FavData.swift */,
				848689E227DA523300662782 /* ViewController.swift */,
				8487B32E27E347BF00D627CA /* FavoriteViewController.swift */,
				848689E427DA523300662782 /* Main.storyboard */,
				848689E727DA523500662782 /* Assets.xcassets */,
				848689E927DA523500662782 /* LaunchScreen.storyboard */,
				848689EC27DA523500662782 /* Info.plist */,
				849E98A027E9C8CD00F50215 /* SavedPhotos.xcdatamodeld */,
			);
			path = CollectionViewFlicker;
			sourceTree = "<group>";
		};
		848689F427DA523500662782 /* CollectionViewFlickerTests */ = {
			isa = PBXGroup;
			children = (
				848689F527DA523500662782 /* CollectionViewFlickerTests.swift */,
				846FB42127E0A6D800EFA9FB /* ViewModelTests.swift */,
				846FB42327E0B51500EFA9FB /* MockNetworkManager.swift */,
				8460C12527E2034600635DAB /* Images.json */,
			);
			path = CollectionViewFlickerTests;
			sourceTree = "<group>";
		};
		848689FE27DA523500662782 /* CollectionViewFlickerUITests */ = {
			isa = PBXGroup;
			children = (
				848689FF27DA523500662782 /* CollectionViewFlickerUITests.swift */,
				84868A0127DA523500662782 /* CollectionViewFlickerUITestsLaunchTests.swift */,
			);
			path = CollectionViewFlickerUITests;
			sourceTree = "<group>";
		};
/* End PBXGroup section */

/* Begin PBXNativeTarget section */
		848689DA27DA523300662782 /* CollectionViewFlicker */ = {
			isa = PBXNativeTarget;
			buildConfigurationList = 84868A0527DA523500662782 /* Build configuration list for PBXNativeTarget "CollectionViewFlicker" */;
			buildPhases = (
				848689D727DA523300662782 /* Sources */,
				848689D827DA523300662782 /* Frameworks */,
				848689D927DA523300662782 /* Resources */,
			);
			buildRules = (
			);
			dependencies = (
			);
			name = CollectionViewFlicker;
			productName = CollectionViewFlicker;
			productReference = 848689DB27DA523300662782 /* CollectionViewFlicker.app */;
			productType = "com.apple.product-type.application";
		};
		848689F027DA523500662782 /* CollectionViewFlickerTests */ = {
			isa = PBXNativeTarget;
			buildConfigurationList = 84868A0827DA523500662782 /* Build configuration list for PBXNativeTarget "CollectionViewFlickerTests" */;
			buildPhases = (
				848689ED27DA523500662782 /* Sources */,
				848689EE27DA523500662782 /* Frameworks */,
				848689EF27DA523500662782 /* Resources */,
			);
			buildRules = (
			);
			dependencies = (
				848689F327DA523500662782 /* PBXTargetDependency */,
			);
			name = CollectionViewFlickerTests;
			productName = CollectionViewFlickerTests;
			productReference = 848689F127DA523500662782 /* CollectionViewFlickerTests.xctest */;
			productType = "com.apple.product-type.bundle.unit-test";
		};
		848689FA27DA523500662782 /* CollectionViewFlickerUITests */ = {
			isa = PBXNativeTarget;
			buildConfigurationList = 84868A0B27DA523500662782 /* Build configuration list for PBXNativeTarget "CollectionViewFlickerUITests" */;
			buildPhases = (
				848689F727DA523500662782 /* Sources */,
				848689F827DA523500662782 /* Frameworks */,
				848689F927DA523500662782 /* Resources */,
			);
			buildRules = (
			);
			dependencies = (
				848689FD27DA523500662782 /* PBXTargetDependency */,
			);
			name = CollectionViewFlickerUITests;
			productName = CollectionViewFlickerUITests;
			productReference = 848689FB27DA523500662782 /* CollectionViewFlickerUITests.xctest */;
			productType = "com.apple.product-type.bundle.ui-testing";
		};
/* End PBXNativeTarget section */

/* Begin PBXProject section */
		848689D327DA523300662782 /* Project object */ = {
			isa = PBXProject;
			attributes = {
				BuildIndependentTargetsInParallel = 1;
				LastSwiftUpdateCheck = 1320;
				LastUpgradeCheck = 1320;
				TargetAttributes = {
					848689DA27DA523300662782 = {
						CreatedOnToolsVersion = 13.2.1;
					};
					848689F027DA523500662782 = {
						CreatedOnToolsVersion = 13.2.1;
						TestTargetID = 848689DA27DA523300662782;
					};
					848689FA27DA523500662782 = {
						CreatedOnToolsVersion = 13.2.1;
						TestTargetID = 848689DA27DA523300662782;
					};
				};
			};
			buildConfigurationList = 848689D627DA523300662782 /* Build configuration list for PBXProject "CollectionViewFlicker" */;
			compatibilityVersion = "Xcode 13.0";
			developmentRegion = en;
			hasScannedForEncodings = 0;
			knownRegions = (
				en,
				Base,
			);
			mainGroup = 848689D227DA523300662782;
			productRefGroup = 848689DC27DA523300662782 /* Products */;
			projectDirPath = "";
			projectRoot = "";
			targets = (
				848689DA27DA523300662782 /* CollectionViewFlicker */,
				848689F027DA523500662782 /* CollectionViewFlickerTests */,
				848689FA27DA523500662782 /* CollectionViewFlickerUITests */,
			);
		};
/* End PBXProject section */

/* Begin PBXResourcesBuildPhase section */
		848689D927DA523300662782 /* Resources */ = {
			isa = PBXResourcesBuildPhase;
			buildActionMask = 2147483647;
			files = (
				848689EB27DA523500662782 /* LaunchScreen.storyboard in Resources */,
				848689E827DA523500662782 /* Assets.xcassets in Resources */,
				848689E627DA523300662782 /* Main.storyboard in Resources */,
			);
			runOnlyForDeploymentPostprocessing = 0;
		};
		848689EF27DA523500662782 /* Resources */ = {
			isa = PBXResourcesBuildPhase;
			buildActionMask = 2147483647;
			files = (
				8460C12627E2034600635DAB /* Images.json in Resources */,
			);
			runOnlyForDeploymentPostprocessing = 0;
		};
		848689F927DA523500662782 /* Resources */ = {
			isa = PBXResourcesBuildPhase;
			buildActionMask = 2147483647;
			files = (
			);
			runOnlyForDeploymentPostprocessing = 0;
		};
/* End PBXResourcesBuildPhase section */

/* Begin PBXSourcesBuildPhase section */
		848689D727DA523300662782 /* Sources */ = {
			isa = PBXSourcesBuildPhase;
			buildActionMask = 2147483647;
			files = (
				848689E327DA523300662782 /* ViewController.swift in Sources */,
				848689DF27DA523300662782 /* AppDelegate.swift in Sources */,
				8474EE4327DF495A00C7CE81 /* CollectionViewCell.swift in Sources */,
				8474EE4527DF4BB700C7CE81 /* NetworkManager.swift in Sources */,
				8487B32F27E347BF00D627CA /* FavoriteViewController.swift in Sources */,
				8474EE4127DF48CA00C7CE81 /* DownloadImg.swift in Sources */,
				848B11AF27DB4ECF004541ED /* PhotoData.swift in Sources */,
				846FB42027E097FE00EFA9FB /* ViewModel.swift in Sources */,
				849E98E727E9D82200F50215 /* FavData.swift in Sources */,
				849E98A227E9C8CD00F50215 /* SavedPhotos.xcdatamodeld in Sources */,
				848689E127DA523300662782 /* SceneDelegate.swift in Sources */,
			);
			runOnlyForDeploymentPostprocessing = 0;
		};
		848689ED27DA523500662782 /* Sources */ = {
			isa = PBXSourcesBuildPhase;
			buildActionMask = 2147483647;
			files = (
				846FB42427E0B51500EFA9FB /* MockNetworkManager.swift in Sources */,
				846FB42227E0A6D800EFA9FB /* ViewModelTests.swift in Sources */,
				848689F627DA523500662782 /* CollectionViewFlickerTests.swift in Sources */,
			);
			runOnlyForDeploymentPostprocessing = 0;
		};
		848689F727DA523500662782 /* Sources */ = {
			isa = PBXSourcesBuildPhase;
			buildActionMask = 2147483647;
			files = (
				84868A0227DA523500662782 /* CollectionViewFlickerUITestsLaunchTests.swift in Sources */,
				84868A0027DA523500662782 /* CollectionViewFlickerUITests.swift in Sources */,
			);
			runOnlyForDeploymentPostprocessing = 0;
		};
/* End PBXSourcesBuildPhase section */

/* Begin PBXTargetDependency section */
		848689F327DA523500662782 /* PBXTargetDependency */ = {
			isa = PBXTargetDependency;
			target = 848689DA27DA523300662782 /* CollectionViewFlicker */;
			targetProxy = 848689F227DA523500662782 /* PBXContainerItemProxy */;
		};
		848689FD27DA523500662782 /* PBXTargetDependency */ = {
			isa = PBXTargetDependency;
			target = 848689DA27DA523300662782 /* CollectionViewFlicker */;
			targetProxy = 848689FC27DA523500662782 /* PBXContainerItemProxy */;
		};
/* End PBXTargetDependency section */

/* Begin PBXVariantGroup section */
		848689E427DA523300662782 /* Main.storyboard */ = {
			isa = PBXVariantGroup;
			children = (
				848689E527DA523300662782 /* Base */,
			);
			name = Main.storyboard;
			sourceTree = "<group>";
		};
		848689E927DA523500662782 /* LaunchScreen.storyboard */ = {
			isa = PBXVariantGroup;
			children = (
				848689EA27DA523500662782 /* Base */,
			);
			name = LaunchScreen.storyboard;
			sourceTree = "<group>";
		};
/* End PBXVariantGroup section */

/* Begin XCBuildConfiguration section */
		84868A0327DA523500662782 /* Debug */ = {
			isa = XCBuildConfiguration;
			buildSettings = {
				ALWAYS_SEARCH_USER_PATHS = NO;
				CLANG_ANALYZER_NONNULL = YES;
				CLANG_ANALYZER_NUMBER_OBJECT_CONVERSION = YES_AGGRESSIVE;
				CLANG_CXX_LANGUAGE_STANDARD = "gnu++17";
				CLANG_CXX_LIBRARY = "libc++";
				CLANG_ENABLE_MODULES = YES;
				CLANG_ENABLE_OBJC_ARC = YES;
				CLANG_ENABLE_OBJC_WEAK = YES;
				CLANG_WARN_BLOCK_CAPTURE_AUTORELEASING = YES;
				CLANG_WARN_BOOL_CONVERSION = YES;
				CLANG_WARN_COMMA = YES;
				CLANG_WARN_CONSTANT_CONVERSION = YES;
				CLANG_WARN_DEPRECATED_OBJC_IMPLEMENTATIONS = YES;
				CLANG_WARN_DIRECT_OBJC_ISA_USAGE = YES_ERROR;
				CLANG_WARN_DOCUMENTATION_COMMENTS = YES;
				CLANG_WARN_EMPTY_BODY = YES;
				CLANG_WARN_ENUM_CONVERSION = YES;
				CLANG_WARN_INFINITE_RECURSION = YES;
				CLANG_WARN_INT_CONVERSION = YES;
				CLANG_WARN_NON_LITERAL_NULL_CONVERSION = YES;
				CLANG_WARN_OBJC_IMPLICIT_RETAIN_SELF = YES;
				CLANG_WARN_OBJC_LITERAL_CONVERSION = YES;
				CLANG_WARN_OBJC_ROOT_CLASS = YES_ERROR;
				CLANG_WARN_QUOTED_INCLUDE_IN_FRAMEWORK_HEADER = YES;
				CLANG_WARN_RANGE_LOOP_ANALYSIS = YES;
				CLANG_WARN_STRICT_PROTOTYPES = YES;
				CLANG_WARN_SUSPICIOUS_MOVE = YES;
				CLANG_WARN_UNGUARDED_AVAILABILITY = YES_AGGRESSIVE;
				CLANG_WARN_UNREACHABLE_CODE = YES;
				CLANG_WARN__DUPLICATE_METHOD_MATCH = YES;
				COPY_PHASE_STRIP = NO;
				DEBUG_INFORMATION_FORMAT = dwarf;
				ENABLE_STRICT_OBJC_MSGSEND = YES;
				ENABLE_TESTABILITY = YES;
				GCC_C_LANGUAGE_STANDARD = gnu11;
				GCC_DYNAMIC_NO_PIC = NO;
				GCC_NO_COMMON_BLOCKS = YES;
				GCC_OPTIMIZATION_LEVEL = 0;
				GCC_PREPROCESSOR_DEFINITIONS = (
					"DEBUG=1",
					"$(inherited)",
				);
				GCC_WARN_64_TO_32_BIT_CONVERSION = YES;
				GCC_WARN_ABOUT_RETURN_TYPE = YES_ERROR;
				GCC_WARN_UNDECLARED_SELECTOR = YES;
				GCC_WARN_UNINITIALIZED_AUTOS = YES_AGGRESSIVE;
				GCC_WARN_UNUSED_FUNCTION = YES;
				GCC_WARN_UNUSED_VARIABLE = YES;
				IPHONEOS_DEPLOYMENT_TARGET = 15.2;
				MTL_ENABLE_DEBUG_INFO = INCLUDE_SOURCE;
				MTL_FAST_MATH = YES;
				ONLY_ACTIVE_ARCH = YES;
				SDKROOT = iphoneos;
				SWIFT_ACTIVE_COMPILATION_CONDITIONS = DEBUG;
				SWIFT_OPTIMIZATION_LEVEL = "-Onone";
			};
			name = Debug;
		};
		84868A0427DA523500662782 /* Release */ = {
			isa = XCBuildConfiguration;
			buildSettings = {
				ALWAYS_SEARCH_USER_PATHS = NO;
				CLANG_ANALYZER_NONNULL = YES;
				CLANG_ANALYZER_NUMBER_OBJECT_CONVERSION = YES_AGGRESSIVE;
				CLANG_CXX_LANGUAGE_STANDARD = "gnu++17";
				CLANG_CXX_LIBRARY = "libc++";
				CLANG_ENABLE_MODULES = YES;
				CLANG_ENABLE_OBJC_ARC = YES;
				CLANG_ENABLE_OBJC_WEAK = YES;
				CLANG_WARN_BLOCK_CAPTURE_AUTORELEASING = YES;
				CLANG_WARN_BOOL_CONVERSION = YES;
				CLANG_WARN_COMMA = YES;
				CLANG_WARN_CONSTANT_CONVERSION = YES;
				CLANG_WARN_DEPRECATED_OBJC_IMPLEMENTATIONS = YES;
				CLANG_WARN_DIRECT_OBJC_ISA_USAGE = YES_ERROR;
				CLANG_WARN_DOCUMENTATION_COMMENTS = YES;
				CLANG_WARN_EMPTY_BODY = YES;
				CLANG_WARN_ENUM_CONVERSION = YES;
				CLANG_WARN_INFINITE_RECURSION = YES;
				CLANG_WARN_INT_CONVERSION = YES;
				CLANG_WARN_NON_LITERAL_NULL_CONVERSION = YES;
				CLANG_WARN_OBJC_IMPLICIT_RETAIN_SELF = YES;
				CLANG_WARN_OBJC_LITERAL_CONVERSION = YES;
				CLANG_WARN_OBJC_ROOT_CLASS = YES_ERROR;
				CLANG_WARN_QUOTED_INCLUDE_IN_FRAMEWORK_HEADER = YES;
				CLANG_WARN_RANGE_LOOP_ANALYSIS = YES;
				CLANG_WARN_STRICT_PROTOTYPES = YES;
				CLANG_WARN_SUSPICIOUS_MOVE = YES;
				CLANG_WARN_UNGUARDED_AVAILABILITY = YES_AGGRESSIVE;
				CLANG_WARN_UNREACHABLE_CODE = YES;
				CLANG_WARN__DUPLICATE_METHOD_MATCH = YES;
				COPY_PHASE_STRIP = NO;
				DEBUG_INFORMATION_FORMAT = "dwarf-with-dsym";
				ENABLE_NS_ASSERTIONS = NO;
				ENABLE_STRICT_OBJC_MSGSEND = YES;
				GCC_C_LANGUAGE_STANDARD = gnu11;
				GCC_NO_COMMON_BLOCKS = YES;
				GCC_WARN_64_TO_32_BIT_CONVERSION = YES;
				GCC_WARN_ABOUT_RETURN_TYPE = YES_ERROR;
				GCC_WARN_UNDECLARED_SELECTOR = YES;
				GCC_WARN_UNINITIALIZED_AUTOS = YES_AGGRESSIVE;
				GCC_WARN_UNUSED_FUNCTION = YES;
				GCC_WARN_UNUSED_VARIABLE = YES;
				IPHONEOS_DEPLOYMENT_TARGET = 15.2;
				MTL_ENABLE_DEBUG_INFO = NO;
				MTL_FAST_MATH = YES;
				SDKROOT = iphoneos;
				SWIFT_COMPILATION_MODE = wholemodule;
				SWIFT_OPTIMIZATION_LEVEL = "-O";
				VALIDATE_PRODUCT = YES;
			};
			name = Release;
		};
		84868A0627DA523500662782 /* Debug */ = {
			isa = XCBuildConfiguration;
			buildSettings = {
				ASSETCATALOG_COMPILER_APPICON_NAME = AppIcon;
				ASSETCATALOG_COMPILER_GLOBAL_ACCENT_COLOR_NAME = AccentColor;
				CODE_SIGN_STYLE = Automatic;
				CURRENT_PROJECT_VERSION = 1;
				GENERATE_INFOPLIST_FILE = YES;
				INFOPLIST_FILE = CollectionViewFlicker/Info.plist;
				INFOPLIST_KEY_UIApplicationSupportsIndirectInputEvents = YES;
				INFOPLIST_KEY_UILaunchStoryboardName = LaunchScreen;
				INFOPLIST_KEY_UIMainStoryboardFile = Main;
				INFOPLIST_KEY_UISupportedInterfaceOrientations_iPad = "UIInterfaceOrientationPortrait UIInterfaceOrientationPortraitUpsideDown UIInterfaceOrientationLandscapeLeft UIInterfaceOrientationLandscapeRight";
				INFOPLIST_KEY_UISupportedInterfaceOrientations_iPhone = "UIInterfaceOrientationPortrait UIInterfaceOrientationLandscapeLeft UIInterfaceOrientationLandscapeRight";
				LD_RUNPATH_SEARCH_PATHS = (
					"$(inherited)",
					"@executable_path/Frameworks",
				);
				MARKETING_VERSION = 1.0;
				PRODUCT_BUNDLE_IDENTIFIER = itc.CollectionViewFlicker;
				PRODUCT_NAME = "$(TARGET_NAME)";
				SWIFT_EMIT_LOC_STRINGS = YES;
				SWIFT_VERSION = 5.0;
				TARGETED_DEVICE_FAMILY = "1,2";
			};
			name = Debug;
		};
		84868A0727DA523500662782 /* Release */ = {
			isa = XCBuildConfiguration;
			buildSettings = {
				ASSETCATALOG_COMPILER_APPICON_NAME = AppIcon;
				ASSETCATALOG_COMPILER_GLOBAL_ACCENT_COLOR_NAME = AccentColor;
				CODE_SIGN_STYLE = Automatic;
				CURRENT_PROJECT_VERSION = 1;
				GENERATE_INFOPLIST_FILE = YES;
				INFOPLIST_FILE = CollectionViewFlicker/Info.plist;
				INFOPLIST_KEY_UIApplicationSupportsIndirectInputEvents = YES;
				INFOPLIST_KEY_UILaunchStoryboardName = LaunchScreen;
				INFOPLIST_KEY_UIMainStoryboardFile = Main;
				INFOPLIST_KEY_UISupportedInterfaceOrientations_iPad = "UIInterfaceOrientationPortrait UIInterfaceOrientationPortraitUpsideDown UIInterfaceOrientationLandscapeLeft UIInterfaceOrientationLandscapeRight";
				INFOPLIST_KEY_UISupportedInterfaceOrientations_iPhone = "UIInterfaceOrientationPortrait UIInterfaceOrientationLandscapeLeft UIInterfaceOrientationLandscapeRight";
				LD_RUNPATH_SEARCH_PATHS = (
					"$(inherited)",
					"@executable_path/Frameworks",
				);
				MARKETING_VERSION = 1.0;
				PRODUCT_BUNDLE_IDENTIFIER = itc.CollectionViewFlicker;
				PRODUCT_NAME = "$(TARGET_NAME)";
				SWIFT_EMIT_LOC_STRINGS = YES;
				SWIFT_VERSION = 5.0;
				TARGETED_DEVICE_FAMILY = "1,2";
			};
			name = Release;
		};
		84868A0927DA523500662782 /* Debug */ = {
			isa = XCBuildConfiguration;
			buildSettings = {
				ALWAYS_EMBED_SWIFT_STANDARD_LIBRARIES = YES;
				BUNDLE_LOADER = "$(TEST_HOST)";
				CODE_SIGN_STYLE = Automatic;
				CURRENT_PROJECT_VERSION = 1;
				GENERATE_INFOPLIST_FILE = YES;
				IPHONEOS_DEPLOYMENT_TARGET = 15.2;
				MARKETING_VERSION = 1.0;
				PRODUCT_BUNDLE_IDENTIFIER = itc.CollectionViewFlickerTests;
				PRODUCT_NAME = "$(TARGET_NAME)";
				SWIFT_EMIT_LOC_STRINGS = NO;
				SWIFT_VERSION = 5.0;
				TARGETED_DEVICE_FAMILY = "1,2";
				TEST_HOST = "$(BUILT_PRODUCTS_DIR)/CollectionViewFlicker.app/CollectionViewFlicker";
			};
			name = Debug;
		};
		84868A0A27DA523500662782 /* Release */ = {
			isa = XCBuildConfiguration;
			buildSettings = {
				ALWAYS_EMBED_SWIFT_STANDARD_LIBRARIES = YES;
				BUNDLE_LOADER = "$(TEST_HOST)";
				CODE_SIGN_STYLE = Automatic;
				CURRENT_PROJECT_VERSION = 1;
				GENERATE_INFOPLIST_FILE = YES;
				IPHONEOS_DEPLOYMENT_TARGET = 15.2;
				MARKETING_VERSION = 1.0;
				PRODUCT_BUNDLE_IDENTIFIER = itc.CollectionViewFlickerTests;
				PRODUCT_NAME = "$(TARGET_NAME)";
				SWIFT_EMIT_LOC_STRINGS = NO;
				SWIFT_VERSION = 5.0;
				TARGETED_DEVICE_FAMILY = "1,2";
				TEST_HOST = "$(BUILT_PRODUCTS_DIR)/CollectionViewFlicker.app/CollectionViewFlicker";
			};
			name = Release;
		};
		84868A0C27DA523500662782 /* Debug */ = {
			isa = XCBuildConfiguration;
			buildSettings = {
				ALWAYS_EMBED_SWIFT_STANDARD_LIBRARIES = YES;
				CODE_SIGN_STYLE = Automatic;
				CURRENT_PROJECT_VERSION = 1;
				GENERATE_INFOPLIST_FILE = YES;
				MARKETING_VERSION = 1.0;
				PRODUCT_BUNDLE_IDENTIFIER = itc.CollectionViewFlickerUITests;
				PRODUCT_NAME = "$(TARGET_NAME)";
				SWIFT_EMIT_LOC_STRINGS = NO;
				SWIFT_VERSION = 5.0;
				TARGETED_DEVICE_FAMILY = "1,2";
				TEST_TARGET_NAME = CollectionViewFlicker;
			};
			name = Debug;
		};
		84868A0D27DA523500662782 /* Release */ = {
			isa = XCBuildConfiguration;
			buildSettings = {
				ALWAYS_EMBED_SWIFT_STANDARD_LIBRARIES = YES;
				CODE_SIGN_STYLE = Automatic;
				CURRENT_PROJECT_VERSION = 1;
				GENERATE_INFOPLIST_FILE = YES;
				MARKETING_VERSION = 1.0;
				PRODUCT_BUNDLE_IDENTIFIER = itc.CollectionViewFlickerUITests;
				PRODUCT_NAME = "$(TARGET_NAME)";
				SWIFT_EMIT_LOC_STRINGS = NO;
				SWIFT_VERSION = 5.0;
				TARGETED_DEVICE_FAMILY = "1,2";
				TEST_TARGET_NAME = CollectionViewFlicker;
			};
			name = Release;
		};
/* End XCBuildConfiguration section */

/* Begin XCConfigurationList section */
		848689D627DA523300662782 /* Build configuration list for PBXProject "CollectionViewFlicker" */ = {
			isa = XCConfigurationList;
			buildConfigurations = (
				84868A0327DA523500662782 /* Debug */,
				84868A0427DA523500662782 /* Release */,
			);
			defaultConfigurationIsVisible = 0;
			defaultConfigurationName = Release;
		};
		84868A0527DA523500662782 /* Build configuration list for PBXNativeTarget "CollectionViewFlicker" */ = {
			isa = XCConfigurationList;
			buildConfigurations = (
				84868A0627DA523500662782 /* Debug */,
				84868A0727DA523500662782 /* Release */,
			);
			defaultConfigurationIsVisible = 0;
			defaultConfigurationName = Release;
		};
		84868A0827DA523500662782 /* Build configuration list for PBXNativeTarget "CollectionViewFlickerTests" */ = {
			isa = XCConfigurationList;
			buildConfigurations = (
				84868A0927DA523500662782 /* Debug */,
				84868A0A27DA523500662782 /* Release */,
			);
			defaultConfigurationIsVisible = 0;
			defaultConfigurationName = Release;
		};
		84868A0B27DA523500662782 /* Build configuration list for PBXNativeTarget "CollectionViewFlickerUITests" */ = {
			isa = XCConfigurationList;
			buildConfigurations = (
				84868A0C27DA523500662782 /* Debug */,
				84868A0D27DA523500662782 /* Release */,
			);
			defaultConfigurationIsVisible = 0;
			defaultConfigurationName = Release;
		};
/* End XCConfigurationList section */

/* Begin XCVersionGroup section */
		849E98A027E9C8CD00F50215 /* SavedPhotos.xcdatamodeld */ = {
			isa = XCVersionGroup;
			children = (
				849E98A127E9C8CD00F50215 /* savedPhotos.xcdatamodel */,
			);
			currentVersion = 849E98A127E9C8CD00F50215 /* savedPhotos.xcdatamodel */;
			path = SavedPhotos.xcdatamodeld;
			sourceTree = "<group>";
			versionGroupType = wrapper.xcdatamodel;
		};
/* End XCVersionGroup section */
	};
	rootObject = 848689D327DA523300662782 /* Project object */;
}
